
Microsoft Visual Studio Solution File, Format Version 12.00
# Visual Studio 15
VisualStudioVersion = 15.0.27004.2005
MinimumVisualStudioVersion = 10.0.40219.1
Project("{2150E333-8FDC-42A3-9474-1A3956D46DE8}") = "Projeto01", "Projeto01", "{ED75E0BE-CAEC-4249-98DE-C7B9FA611B4D}"
EndProject
Project("{FAE04EC0-301F-11D3-BF4B-00C04F79EFBC}") = "Projeto01.Android", "Projeto01\Projeto01.Android\Projeto01.Android.csproj", "{FAAB48CE-6591-4C7A-9C45-269431091B3F}"
EndProject
Project("{FAE04EC0-301F-11D3-BF4B-00C04F79EFBC}") = "Projeto01", "Projeto01\Projeto01\Projeto01.csproj", "{91A8B158-8CCC-41EA-81E5-38A4BCFDD93A}"
EndProject
Project("{FAE04EC0-301F-11D3-BF4B-00C04F79EFBC}") = "Projeto01.UWP", "Projeto01\Projeto01.UWP\Projeto01.UWP.csproj", "{23296E9A-B45F-4530-A697-AFD81DDB75C8}"
EndProject
Project("{FAE04EC0-301F-11D3-BF4B-00C04F79EFBC}") = "Projeto01.iOS", "Projeto01\Projeto01.iOS\Projeto01.iOS.csproj", "{40D4DA50-429B-4AA6-83F9-86877DF145B8}"
EndProject
Project("{2150E333-8FDC-42A3-9474-1A3956D46DE8}") = "Projeto02", "Projeto02", "{F92D9FD0-F57E-48EC-BFA8-465A99149219}"
EndProject
Project("{FAE04EC0-301F-11D3-BF4B-00C04F79EFBC}") = "Projeto02.Android", "Projeto02\Projeto02.Android\Projeto02.Android.csproj", "{D04D845A-1077-44A7-B688-75AE5F23BB68}"
EndProject
Project("{FAE04EC0-301F-11D3-BF4B-00C04F79EFBC}") = "Projeto02", "Projeto02\Projeto02\Projeto02.csproj", "{609CA065-F270-41C8-BAA9-716A54C4D774}"
EndProject
Project("{FAE04EC0-301F-11D3-BF4B-00C04F79EFBC}") = "Projeto02.UWP", "Projeto02\Projeto02.UWP\Projeto02.UWP.csproj", "{1E65759C-0CC6-4F0F-B358-901175EE5062}"
EndProject
Project("{FAE04EC0-301F-11D3-BF4B-00C04F79EFBC}") = "Projeto02.iOS", "Projeto02\Projeto02.iOS\Projeto02.iOS.csproj", "{40FADF5E-CC55-4C00-8BB4-F9D20DA0B4A9}"
EndProject
Project("{2150E333-8FDC-42A3-9474-1A3956D46DE8}") = "Projeto03", "Projeto03", "{FE49B334-494F-4B73-BB42-A4E2BFA53C35}"
EndProject
Project("{FAE04EC0-301F-11D3-BF4B-00C04F79EFBC}") = "Projeto03.Android", "Projeto03\Projeto03.Android\Projeto03.Android.csproj", "{66F7D9E4-98CD-47BC-9530-EF24918968B9}"
EndProject
Project("{FAE04EC0-301F-11D3-BF4B-00C04F79EFBC}") = "Projeto03", "Projeto03\Projeto03\Projeto03.csproj", "{1ECF99F7-4B8D-4817-8C40-0C3490065B76}"
EndProject
Project("{FAE04EC0-301F-11D3-BF4B-00C04F79EFBC}") = "Projeto03.UWP", "Projeto03\Projeto03.UWP\Projeto03.UWP.csproj", "{280321A3-FEA2-4624-B93D-22DD93F704B6}"
EndProject
Project("{FAE04EC0-301F-11D3-BF4B-00C04F79EFBC}") = "Projeto03.iOS", "Projeto03\Projeto03.iOS\Projeto03.iOS.csproj", "{7CB2CA7B-D518-4B25-9EC2-CF1F44CB3FBC}"
EndProject
Project("{2150E333-8FDC-42A3-9474-1A3956D46DE8}") = "Projeto04", "Projeto04", "{849C820D-0375-4A69-AA6F-9C1421C05BF1}"
EndProject
Project("{FAE04EC0-301F-11D3-BF4B-00C04F79EFBC}") = "Projeto04.Android", "Projeto04\Projeto04.Android\Projeto04.Android.csproj", "{8AE98494-5793-42B5-B3B8-F8CC1DC5A01F}"
EndProject
Project("{FAE04EC0-301F-11D3-BF4B-00C04F79EFBC}") = "Projeto04", "Projeto04\Projeto04\Projeto04.csproj", "{EBD045B3-4802-4418-A9A7-15910CBBC0C1}"
EndProject
Project("{FAE04EC0-301F-11D3-BF4B-00C04F79EFBC}") = "Projeto04.UWP", "Projeto04\Projeto04.UWP\Projeto04.UWP.csproj", "{667364A6-0254-483B-8F3E-6CD37D674CFA}"
EndProject
Project("{FAE04EC0-301F-11D3-BF4B-00C04F79EFBC}") = "Projeto04.iOS", "Projeto04\Projeto04.iOS\Projeto04.iOS.csproj", "{7D0843D2-A3DF-4820-90BE-F3AB2A67E931}"
EndProject
Project("{2150E333-8FDC-42A3-9474-1A3956D46DE8}") = "Sinteg.Mobile", "Sinteg.Mobile", "{DBE28AF0-5BF4-4584-A662-B4DD5EB7E514}"
EndProject
Project("{FAE04EC0-301F-11D3-BF4B-00C04F79EFBC}") = "Sinteg.Mobile.Android", "Sinteg.Mobile\Sinteg.Mobile.Android\Sinteg.Mobile.Android.csproj", "{3429534F-25A3-402B-94C1-B07ECC1E9B0C}"
EndProject
Project("{FAE04EC0-301F-11D3-BF4B-00C04F79EFBC}") = "Sinteg.Mobile", "Sinteg.Mobile\Sinteg.Mobile\Sinteg.Mobile.csproj", "{5FC2D47D-9611-4A0F-BF0A-751C2E24C23A}"
EndProject
Project("{FAE04EC0-301F-11D3-BF4B-00C04F79EFBC}") = "Sinteg.Mobile.UWP", "Sinteg.Mobile\Sinteg.Mobile.UWP\Sinteg.Mobile.UWP.csproj", "{5606C9A4-EAFB-4E5B-911E-8AAB8E3CA214}"
EndProject
Project("{FAE04EC0-301F-11D3-BF4B-00C04F79EFBC}") = "Sinteg.Mobile.iOS", "Sinteg.Mobile\Sinteg.Mobile.iOS\Sinteg.Mobile.iOS.csproj", "{C1402ABB-BF91-4734-AE72-E1E26F16A40E}"
EndProject
Global
	GlobalSection(SolutionConfigurationPlatforms) = preSolution
		Ad-Hoc|Any CPU = Ad-Hoc|Any CPU
		Ad-Hoc|ARM = Ad-Hoc|ARM
		Ad-Hoc|iPhone = Ad-Hoc|iPhone
		Ad-Hoc|iPhoneSimulator = Ad-Hoc|iPhoneSimulator
		Ad-Hoc|x64 = Ad-Hoc|x64
		Ad-Hoc|x86 = Ad-Hoc|x86
		AppStore|Any CPU = AppStore|Any CPU
		AppStore|ARM = AppStore|ARM
		AppStore|iPhone = AppStore|iPhone
		AppStore|iPhoneSimulator = AppStore|iPhoneSimulator
		AppStore|x64 = AppStore|x64
		AppStore|x86 = AppStore|x86
		Debug|Any CPU = Debug|Any CPU
		Debug|ARM = Debug|ARM
		Debug|iPhone = Debug|iPhone
		Debug|iPhoneSimulator = Debug|iPhoneSimulator
		Debug|x64 = Debug|x64
		Debug|x86 = Debug|x86
		Release|Any CPU = Release|Any CPU
		Release|ARM = Release|ARM
		Release|iPhone = Release|iPhone
		Release|iPhoneSimulator = Release|iPhoneSimulator
		Release|x64 = Release|x64
		Release|x86 = Release|x86
	EndGlobalSection
	GlobalSection(ProjectConfigurationPlatforms) = postSolution
		{FAAB48CE-6591-4C7A-9C45-269431091B3F}.Ad-Hoc|Any CPU.ActiveCfg = Release|Any CPU
		{FAAB48CE-6591-4C7A-9C45-269431091B3F}.Ad-Hoc|Any CPU.Build.0 = Release|Any CPU
		{FAAB48CE-6591-4C7A-9C45-269431091B3F}.Ad-Hoc|Any CPU.Deploy.0 = Release|Any CPU
		{FAAB48CE-6591-4C7A-9C45-269431091B3F}.Ad-Hoc|ARM.ActiveCfg = Release|Any CPU
		{FAAB48CE-6591-4C7A-9C45-269431091B3F}.Ad-Hoc|ARM.Build.0 = Release|Any CPU
		{FAAB48CE-6591-4C7A-9C45-269431091B3F}.Ad-Hoc|ARM.Deploy.0 = Release|Any CPU
		{FAAB48CE-6591-4C7A-9C45-269431091B3F}.Ad-Hoc|iPhone.ActiveCfg = Release|Any CPU
		{FAAB48CE-6591-4C7A-9C45-269431091B3F}.Ad-Hoc|iPhone.Build.0 = Release|Any CPU
		{FAAB48CE-6591-4C7A-9C45-269431091B3F}.Ad-Hoc|iPhone.Deploy.0 = Release|Any CPU
		{FAAB48CE-6591-4C7A-9C45-269431091B3F}.Ad-Hoc|iPhoneSimulator.ActiveCfg = Release|Any CPU
		{FAAB48CE-6591-4C7A-9C45-269431091B3F}.Ad-Hoc|iPhoneSimulator.Build.0 = Release|Any CPU
		{FAAB48CE-6591-4C7A-9C45-269431091B3F}.Ad-Hoc|iPhoneSimulator.Deploy.0 = Release|Any CPU
		{FAAB48CE-6591-4C7A-9C45-269431091B3F}.Ad-Hoc|x64.ActiveCfg = Release|Any CPU
		{FAAB48CE-6591-4C7A-9C45-269431091B3F}.Ad-Hoc|x64.Build.0 = Release|Any CPU
		{FAAB48CE-6591-4C7A-9C45-269431091B3F}.Ad-Hoc|x64.Deploy.0 = Release|Any CPU
		{FAAB48CE-6591-4C7A-9C45-269431091B3F}.Ad-Hoc|x86.ActiveCfg = Release|Any CPU
		{FAAB48CE-6591-4C7A-9C45-269431091B3F}.Ad-Hoc|x86.Build.0 = Release|Any CPU
		{FAAB48CE-6591-4C7A-9C45-269431091B3F}.Ad-Hoc|x86.Deploy.0 = Release|Any CPU
		{FAAB48CE-6591-4C7A-9C45-269431091B3F}.AppStore|Any CPU.ActiveCfg = Release|Any CPU
		{FAAB48CE-6591-4C7A-9C45-269431091B3F}.AppStore|Any CPU.Build.0 = Release|Any CPU
		{FAAB48CE-6591-4C7A-9C45-269431091B3F}.AppStore|Any CPU.Deploy.0 = Release|Any CPU
		{FAAB48CE-6591-4C7A-9C45-269431091B3F}.AppStore|ARM.ActiveCfg = Release|Any CPU
		{FAAB48CE-6591-4C7A-9C45-269431091B3F}.AppStore|ARM.Build.0 = Release|Any CPU
		{FAAB48CE-6591-4C7A-9C45-269431091B3F}.AppStore|ARM.Deploy.0 = Release|Any CPU
		{FAAB48CE-6591-4C7A-9C45-269431091B3F}.AppStore|iPhone.ActiveCfg = Release|Any CPU
		{FAAB48CE-6591-4C7A-9C45-269431091B3F}.AppStore|iPhone.Build.0 = Release|Any CPU
		{FAAB48CE-6591-4C7A-9C45-269431091B3F}.AppStore|iPhone.Deploy.0 = Release|Any CPU
		{FAAB48CE-6591-4C7A-9C45-269431091B3F}.AppStore|iPhoneSimulator.ActiveCfg = Release|Any CPU
		{FAAB48CE-6591-4C7A-9C45-269431091B3F}.AppStore|iPhoneSimulator.Build.0 = Release|Any CPU
		{FAAB48CE-6591-4C7A-9C45-269431091B3F}.AppStore|iPhoneSimulator.Deploy.0 = Release|Any CPU
		{FAAB48CE-6591-4C7A-9C45-269431091B3F}.AppStore|x64.ActiveCfg = Release|Any CPU
		{FAAB48CE-6591-4C7A-9C45-269431091B3F}.AppStore|x64.Build.0 = Release|Any CPU
		{FAAB48CE-6591-4C7A-9C45-269431091B3F}.AppStore|x64.Deploy.0 = Release|Any CPU
		{FAAB48CE-6591-4C7A-9C45-269431091B3F}.AppStore|x86.ActiveCfg = Release|Any CPU
		{FAAB48CE-6591-4C7A-9C45-269431091B3F}.AppStore|x86.Build.0 = Release|Any CPU
		{FAAB48CE-6591-4C7A-9C45-269431091B3F}.AppStore|x86.Deploy.0 = Release|Any CPU
		{FAAB48CE-6591-4C7A-9C45-269431091B3F}.Debug|Any CPU.ActiveCfg = Debug|Any CPU
		{FAAB48CE-6591-4C7A-9C45-269431091B3F}.Debug|Any CPU.Build.0 = Debug|Any CPU
		{FAAB48CE-6591-4C7A-9C45-269431091B3F}.Debug|Any CPU.Deploy.0 = Debug|Any CPU
		{FAAB48CE-6591-4C7A-9C45-269431091B3F}.Debug|ARM.ActiveCfg = Debug|Any CPU
		{FAAB48CE-6591-4C7A-9C45-269431091B3F}.Debug|ARM.Build.0 = Debug|Any CPU
		{FAAB48CE-6591-4C7A-9C45-269431091B3F}.Debug|ARM.Deploy.0 = Debug|Any CPU
		{FAAB48CE-6591-4C7A-9C45-269431091B3F}.Debug|iPhone.ActiveCfg = Debug|Any CPU
		{FAAB48CE-6591-4C7A-9C45-269431091B3F}.Debug|iPhone.Build.0 = Debug|Any CPU
		{FAAB48CE-6591-4C7A-9C45-269431091B3F}.Debug|iPhone.Deploy.0 = Debug|Any CPU
		{FAAB48CE-6591-4C7A-9C45-269431091B3F}.Debug|iPhoneSimulator.ActiveCfg = Debug|Any CPU
		{FAAB48CE-6591-4C7A-9C45-269431091B3F}.Debug|iPhoneSimulator.Build.0 = Debug|Any CPU
		{FAAB48CE-6591-4C7A-9C45-269431091B3F}.Debug|iPhoneSimulator.Deploy.0 = Debug|Any CPU
		{FAAB48CE-6591-4C7A-9C45-269431091B3F}.Debug|x64.ActiveCfg = Debug|Any CPU
		{FAAB48CE-6591-4C7A-9C45-269431091B3F}.Debug|x64.Build.0 = Debug|Any CPU
		{FAAB48CE-6591-4C7A-9C45-269431091B3F}.Debug|x64.Deploy.0 = Debug|Any CPU
		{FAAB48CE-6591-4C7A-9C45-269431091B3F}.Debug|x86.ActiveCfg = Debug|Any CPU
		{FAAB48CE-6591-4C7A-9C45-269431091B3F}.Debug|x86.Build.0 = Debug|Any CPU
		{FAAB48CE-6591-4C7A-9C45-269431091B3F}.Debug|x86.Deploy.0 = Debug|Any CPU
		{FAAB48CE-6591-4C7A-9C45-269431091B3F}.Release|Any CPU.ActiveCfg = Release|Any CPU
		{FAAB48CE-6591-4C7A-9C45-269431091B3F}.Release|Any CPU.Build.0 = Release|Any CPU
		{FAAB48CE-6591-4C7A-9C45-269431091B3F}.Release|Any CPU.Deploy.0 = Release|Any CPU
		{FAAB48CE-6591-4C7A-9C45-269431091B3F}.Release|ARM.ActiveCfg = Release|Any CPU
		{FAAB48CE-6591-4C7A-9C45-269431091B3F}.Release|ARM.Build.0 = Release|Any CPU
		{FAAB48CE-6591-4C7A-9C45-269431091B3F}.Release|ARM.Deploy.0 = Release|Any CPU
		{FAAB48CE-6591-4C7A-9C45-269431091B3F}.Release|iPhone.ActiveCfg = Release|Any CPU
		{FAAB48CE-6591-4C7A-9C45-269431091B3F}.Release|iPhone.Build.0 = Release|Any CPU
		{FAAB48CE-6591-4C7A-9C45-269431091B3F}.Release|iPhone.Deploy.0 = Release|Any CPU
		{FAAB48CE-6591-4C7A-9C45-269431091B3F}.Release|iPhoneSimulator.ActiveCfg = Release|Any CPU
		{FAAB48CE-6591-4C7A-9C45-269431091B3F}.Release|iPhoneSimulator.Build.0 = Release|Any CPU
		{FAAB48CE-6591-4C7A-9C45-269431091B3F}.Release|iPhoneSimulator.Deploy.0 = Release|Any CPU
		{FAAB48CE-6591-4C7A-9C45-269431091B3F}.Release|x64.ActiveCfg = Release|Any CPU
		{FAAB48CE-6591-4C7A-9C45-269431091B3F}.Release|x64.Build.0 = Release|Any CPU
		{FAAB48CE-6591-4C7A-9C45-269431091B3F}.Release|x64.Deploy.0 = Release|Any CPU
		{FAAB48CE-6591-4C7A-9C45-269431091B3F}.Release|x86.ActiveCfg = Release|Any CPU
		{FAAB48CE-6591-4C7A-9C45-269431091B3F}.Release|x86.Build.0 = Release|Any CPU
		{FAAB48CE-6591-4C7A-9C45-269431091B3F}.Release|x86.Deploy.0 = Release|Any CPU
		{91A8B158-8CCC-41EA-81E5-38A4BCFDD93A}.Ad-Hoc|Any CPU.ActiveCfg = Release|Any CPU
		{91A8B158-8CCC-41EA-81E5-38A4BCFDD93A}.Ad-Hoc|Any CPU.Build.0 = Release|Any CPU
		{91A8B158-8CCC-41EA-81E5-38A4BCFDD93A}.Ad-Hoc|ARM.ActiveCfg = Release|Any CPU
		{91A8B158-8CCC-41EA-81E5-38A4BCFDD93A}.Ad-Hoc|ARM.Build.0 = Release|Any CPU
		{91A8B158-8CCC-41EA-81E5-38A4BCFDD93A}.Ad-Hoc|iPhone.ActiveCfg = Release|Any CPU
		{91A8B158-8CCC-41EA-81E5-38A4BCFDD93A}.Ad-Hoc|iPhone.Build.0 = Release|Any CPU
		{91A8B158-8CCC-41EA-81E5-38A4BCFDD93A}.Ad-Hoc|iPhoneSimulator.ActiveCfg = Release|Any CPU
		{91A8B158-8CCC-41EA-81E5-38A4BCFDD93A}.Ad-Hoc|iPhoneSimulator.Build.0 = Release|Any CPU
		{91A8B158-8CCC-41EA-81E5-38A4BCFDD93A}.Ad-Hoc|x64.ActiveCfg = Release|Any CPU
		{91A8B158-8CCC-41EA-81E5-38A4BCFDD93A}.Ad-Hoc|x64.Build.0 = Release|Any CPU
		{91A8B158-8CCC-41EA-81E5-38A4BCFDD93A}.Ad-Hoc|x86.ActiveCfg = Release|Any CPU
		{91A8B158-8CCC-41EA-81E5-38A4BCFDD93A}.Ad-Hoc|x86.Build.0 = Release|Any CPU
		{91A8B158-8CCC-41EA-81E5-38A4BCFDD93A}.AppStore|Any CPU.ActiveCfg = Release|Any CPU
		{91A8B158-8CCC-41EA-81E5-38A4BCFDD93A}.AppStore|Any CPU.Build.0 = Release|Any CPU
		{91A8B158-8CCC-41EA-81E5-38A4BCFDD93A}.AppStore|ARM.ActiveCfg = Release|Any CPU
		{91A8B158-8CCC-41EA-81E5-38A4BCFDD93A}.AppStore|ARM.Build.0 = Release|Any CPU
		{91A8B158-8CCC-41EA-81E5-38A4BCFDD93A}.AppStore|iPhone.ActiveCfg = Release|Any CPU
		{91A8B158-8CCC-41EA-81E5-38A4BCFDD93A}.AppStore|iPhone.Build.0 = Release|Any CPU
		{91A8B158-8CCC-41EA-81E5-38A4BCFDD93A}.AppStore|iPhoneSimulator.ActiveCfg = Release|Any CPU
		{91A8B158-8CCC-41EA-81E5-38A4BCFDD93A}.AppStore|iPhoneSimulator.Build.0 = Release|Any CPU
		{91A8B158-8CCC-41EA-81E5-38A4BCFDD93A}.AppStore|x64.ActiveCfg = Release|Any CPU
		{91A8B158-8CCC-41EA-81E5-38A4BCFDD93A}.AppStore|x64.Build.0 = Release|Any CPU
		{91A8B158-8CCC-41EA-81E5-38A4BCFDD93A}.AppStore|x86.ActiveCfg = Release|Any CPU
		{91A8B158-8CCC-41EA-81E5-38A4BCFDD93A}.AppStore|x86.Build.0 = Release|Any CPU
		{91A8B158-8CCC-41EA-81E5-38A4BCFDD93A}.Debug|Any CPU.ActiveCfg = Debug|Any CPU
		{91A8B158-8CCC-41EA-81E5-38A4BCFDD93A}.Debug|Any CPU.Build.0 = Debug|Any CPU
		{91A8B158-8CCC-41EA-81E5-38A4BCFDD93A}.Debug|ARM.ActiveCfg = Debug|Any CPU
		{91A8B158-8CCC-41EA-81E5-38A4BCFDD93A}.Debug|ARM.Build.0 = Debug|Any CPU
		{91A8B158-8CCC-41EA-81E5-38A4BCFDD93A}.Debug|iPhone.ActiveCfg = Debug|Any CPU
		{91A8B158-8CCC-41EA-81E5-38A4BCFDD93A}.Debug|iPhone.Build.0 = Debug|Any CPU
		{91A8B158-8CCC-41EA-81E5-38A4BCFDD93A}.Debug|iPhoneSimulator.ActiveCfg = Debug|Any CPU
		{91A8B158-8CCC-41EA-81E5-38A4BCFDD93A}.Debug|iPhoneSimulator.Build.0 = Debug|Any CPU
		{91A8B158-8CCC-41EA-81E5-38A4BCFDD93A}.Debug|x64.ActiveCfg = Debug|Any CPU
		{91A8B158-8CCC-41EA-81E5-38A4BCFDD93A}.Debug|x64.Build.0 = Debug|Any CPU
		{91A8B158-8CCC-41EA-81E5-38A4BCFDD93A}.Debug|x86.ActiveCfg = Debug|Any CPU
		{91A8B158-8CCC-41EA-81E5-38A4BCFDD93A}.Debug|x86.Build.0 = Debug|Any CPU
		{91A8B158-8CCC-41EA-81E5-38A4BCFDD93A}.Release|Any CPU.ActiveCfg = Release|Any CPU
		{91A8B158-8CCC-41EA-81E5-38A4BCFDD93A}.Release|Any CPU.Build.0 = Release|Any CPU
		{91A8B158-8CCC-41EA-81E5-38A4BCFDD93A}.Release|ARM.ActiveCfg = Release|Any CPU
		{91A8B158-8CCC-41EA-81E5-38A4BCFDD93A}.Release|ARM.Build.0 = Release|Any CPU
		{91A8B158-8CCC-41EA-81E5-38A4BCFDD93A}.Release|iPhone.ActiveCfg = Release|Any CPU
		{91A8B158-8CCC-41EA-81E5-38A4BCFDD93A}.Release|iPhone.Build.0 = Release|Any CPU
		{91A8B158-8CCC-41EA-81E5-38A4BCFDD93A}.Release|iPhoneSimulator.ActiveCfg = Release|Any CPU
		{91A8B158-8CCC-41EA-81E5-38A4BCFDD93A}.Release|iPhoneSimulator.Build.0 = Release|Any CPU
		{91A8B158-8CCC-41EA-81E5-38A4BCFDD93A}.Release|x64.ActiveCfg = Release|Any CPU
		{91A8B158-8CCC-41EA-81E5-38A4BCFDD93A}.Release|x64.Build.0 = Release|Any CPU
		{91A8B158-8CCC-41EA-81E5-38A4BCFDD93A}.Release|x86.ActiveCfg = Release|Any CPU
		{91A8B158-8CCC-41EA-81E5-38A4BCFDD93A}.Release|x86.Build.0 = Release|Any CPU
		{23296E9A-B45F-4530-A697-AFD81DDB75C8}.Ad-Hoc|Any CPU.ActiveCfg = Release|x86
		{23296E9A-B45F-4530-A697-AFD81DDB75C8}.Ad-Hoc|Any CPU.Build.0 = Release|x86
		{23296E9A-B45F-4530-A697-AFD81DDB75C8}.Ad-Hoc|Any CPU.Deploy.0 = Release|x86
		{23296E9A-B45F-4530-A697-AFD81DDB75C8}.Ad-Hoc|ARM.ActiveCfg = Release|ARM
		{23296E9A-B45F-4530-A697-AFD81DDB75C8}.Ad-Hoc|ARM.Build.0 = Release|ARM
		{23296E9A-B45F-4530-A697-AFD81DDB75C8}.Ad-Hoc|ARM.Deploy.0 = Release|ARM
		{23296E9A-B45F-4530-A697-AFD81DDB75C8}.Ad-Hoc|iPhone.ActiveCfg = Release|x86
		{23296E9A-B45F-4530-A697-AFD81DDB75C8}.Ad-Hoc|iPhone.Build.0 = Release|x86
		{23296E9A-B45F-4530-A697-AFD81DDB75C8}.Ad-Hoc|iPhone.Deploy.0 = Release|x86
		{23296E9A-B45F-4530-A697-AFD81DDB75C8}.Ad-Hoc|iPhoneSimulator.ActiveCfg = Release|x86
		{23296E9A-B45F-4530-A697-AFD81DDB75C8}.Ad-Hoc|iPhoneSimulator.Build.0 = Release|x86
		{23296E9A-B45F-4530-A697-AFD81DDB75C8}.Ad-Hoc|iPhoneSimulator.Deploy.0 = Release|x86
		{23296E9A-B45F-4530-A697-AFD81DDB75C8}.Ad-Hoc|x64.ActiveCfg = Release|x64
		{23296E9A-B45F-4530-A697-AFD81DDB75C8}.Ad-Hoc|x64.Build.0 = Release|x64
		{23296E9A-B45F-4530-A697-AFD81DDB75C8}.Ad-Hoc|x64.Deploy.0 = Release|x64
		{23296E9A-B45F-4530-A697-AFD81DDB75C8}.Ad-Hoc|x86.ActiveCfg = Release|x86
		{23296E9A-B45F-4530-A697-AFD81DDB75C8}.Ad-Hoc|x86.Build.0 = Release|x86
		{23296E9A-B45F-4530-A697-AFD81DDB75C8}.Ad-Hoc|x86.Deploy.0 = Release|x86
		{23296E9A-B45F-4530-A697-AFD81DDB75C8}.AppStore|Any CPU.ActiveCfg = Release|x86
		{23296E9A-B45F-4530-A697-AFD81DDB75C8}.AppStore|Any CPU.Build.0 = Release|x86
		{23296E9A-B45F-4530-A697-AFD81DDB75C8}.AppStore|Any CPU.Deploy.0 = Release|x86
		{23296E9A-B45F-4530-A697-AFD81DDB75C8}.AppStore|ARM.ActiveCfg = Release|ARM
		{23296E9A-B45F-4530-A697-AFD81DDB75C8}.AppStore|ARM.Build.0 = Release|ARM
		{23296E9A-B45F-4530-A697-AFD81DDB75C8}.AppStore|ARM.Deploy.0 = Release|ARM
		{23296E9A-B45F-4530-A697-AFD81DDB75C8}.AppStore|iPhone.ActiveCfg = Release|x86
		{23296E9A-B45F-4530-A697-AFD81DDB75C8}.AppStore|iPhone.Build.0 = Release|x86
		{23296E9A-B45F-4530-A697-AFD81DDB75C8}.AppStore|iPhone.Deploy.0 = Release|x86
		{23296E9A-B45F-4530-A697-AFD81DDB75C8}.AppStore|iPhoneSimulator.ActiveCfg = Release|x86
		{23296E9A-B45F-4530-A697-AFD81DDB75C8}.AppStore|iPhoneSimulator.Build.0 = Release|x86
		{23296E9A-B45F-4530-A697-AFD81DDB75C8}.AppStore|iPhoneSimulator.Deploy.0 = Release|x86
		{23296E9A-B45F-4530-A697-AFD81DDB75C8}.AppStore|x64.ActiveCfg = Release|x64
		{23296E9A-B45F-4530-A697-AFD81DDB75C8}.AppStore|x64.Build.0 = Release|x64
		{23296E9A-B45F-4530-A697-AFD81DDB75C8}.AppStore|x64.Deploy.0 = Release|x64
		{23296E9A-B45F-4530-A697-AFD81DDB75C8}.AppStore|x86.ActiveCfg = Release|x86
		{23296E9A-B45F-4530-A697-AFD81DDB75C8}.AppStore|x86.Build.0 = Release|x86
		{23296E9A-B45F-4530-A697-AFD81DDB75C8}.AppStore|x86.Deploy.0 = Release|x86
		{23296E9A-B45F-4530-A697-AFD81DDB75C8}.Debug|Any CPU.ActiveCfg = Debug|x86
		{23296E9A-B45F-4530-A697-AFD81DDB75C8}.Debug|Any CPU.Build.0 = Debug|x86
		{23296E9A-B45F-4530-A697-AFD81DDB75C8}.Debug|Any CPU.Deploy.0 = Debug|x86
		{23296E9A-B45F-4530-A697-AFD81DDB75C8}.Debug|ARM.ActiveCfg = Debug|ARM
		{23296E9A-B45F-4530-A697-AFD81DDB75C8}.Debug|ARM.Build.0 = Debug|ARM
		{23296E9A-B45F-4530-A697-AFD81DDB75C8}.Debug|ARM.Deploy.0 = Debug|ARM
		{23296E9A-B45F-4530-A697-AFD81DDB75C8}.Debug|iPhone.ActiveCfg = Debug|x86
		{23296E9A-B45F-4530-A697-AFD81DDB75C8}.Debug|iPhoneSimulator.ActiveCfg = Debug|x86
		{23296E9A-B45F-4530-A697-AFD81DDB75C8}.Debug|x64.ActiveCfg = Debug|x64
		{23296E9A-B45F-4530-A697-AFD81DDB75C8}.Debug|x64.Build.0 = Debug|x64
		{23296E9A-B45F-4530-A697-AFD81DDB75C8}.Debug|x64.Deploy.0 = Debug|x64
		{23296E9A-B45F-4530-A697-AFD81DDB75C8}.Debug|x86.ActiveCfg = Debug|x86
		{23296E9A-B45F-4530-A697-AFD81DDB75C8}.Debug|x86.Build.0 = Debug|x86
		{23296E9A-B45F-4530-A697-AFD81DDB75C8}.Debug|x86.Deploy.0 = Debug|x86
		{23296E9A-B45F-4530-A697-AFD81DDB75C8}.Release|Any CPU.ActiveCfg = Release|x86
		{23296E9A-B45F-4530-A697-AFD81DDB75C8}.Release|ARM.ActiveCfg = Release|ARM
		{23296E9A-B45F-4530-A697-AFD81DDB75C8}.Release|ARM.Build.0 = Release|ARM
		{23296E9A-B45F-4530-A697-AFD81DDB75C8}.Release|ARM.Deploy.0 = Release|ARM
		{23296E9A-B45F-4530-A697-AFD81DDB75C8}.Release|iPhone.ActiveCfg = Release|x86
		{23296E9A-B45F-4530-A697-AFD81DDB75C8}.Release|iPhoneSimulator.ActiveCfg = Release|x86
		{23296E9A-B45F-4530-A697-AFD81DDB75C8}.Release|x64.ActiveCfg = Release|x64
		{23296E9A-B45F-4530-A697-AFD81DDB75C8}.Release|x64.Build.0 = Release|x64
		{23296E9A-B45F-4530-A697-AFD81DDB75C8}.Release|x64.Deploy.0 = Release|x64
		{23296E9A-B45F-4530-A697-AFD81DDB75C8}.Release|x86.ActiveCfg = Release|x86
		{23296E9A-B45F-4530-A697-AFD81DDB75C8}.Release|x86.Build.0 = Release|x86
		{23296E9A-B45F-4530-A697-AFD81DDB75C8}.Release|x86.Deploy.0 = Release|x86
		{40D4DA50-429B-4AA6-83F9-86877DF145B8}.Ad-Hoc|Any CPU.ActiveCfg = Ad-Hoc|iPhone
		{40D4DA50-429B-4AA6-83F9-86877DF145B8}.Ad-Hoc|ARM.ActiveCfg = Ad-Hoc|iPhone
		{40D4DA50-429B-4AA6-83F9-86877DF145B8}.Ad-Hoc|iPhone.ActiveCfg = Ad-Hoc|iPhone
		{40D4DA50-429B-4AA6-83F9-86877DF145B8}.Ad-Hoc|iPhone.Build.0 = Ad-Hoc|iPhone
		{40D4DA50-429B-4AA6-83F9-86877DF145B8}.Ad-Hoc|iPhoneSimulator.ActiveCfg = Ad-Hoc|iPhoneSimulator
		{40D4DA50-429B-4AA6-83F9-86877DF145B8}.Ad-Hoc|iPhoneSimulator.Build.0 = Ad-Hoc|iPhoneSimulator
		{40D4DA50-429B-4AA6-83F9-86877DF145B8}.Ad-Hoc|x64.ActiveCfg = Ad-Hoc|iPhone
		{40D4DA50-429B-4AA6-83F9-86877DF145B8}.Ad-Hoc|x86.ActiveCfg = Ad-Hoc|iPhone
		{40D4DA50-429B-4AA6-83F9-86877DF145B8}.AppStore|Any CPU.ActiveCfg = AppStore|iPhone
		{40D4DA50-429B-4AA6-83F9-86877DF145B8}.AppStore|ARM.ActiveCfg = AppStore|iPhone
		{40D4DA50-429B-4AA6-83F9-86877DF145B8}.AppStore|iPhone.ActiveCfg = AppStore|iPhone
		{40D4DA50-429B-4AA6-83F9-86877DF145B8}.AppStore|iPhone.Build.0 = AppStore|iPhone
		{40D4DA50-429B-4AA6-83F9-86877DF145B8}.AppStore|iPhoneSimulator.ActiveCfg = AppStore|iPhoneSimulator
		{40D4DA50-429B-4AA6-83F9-86877DF145B8}.AppStore|iPhoneSimulator.Build.0 = AppStore|iPhoneSimulator
		{40D4DA50-429B-4AA6-83F9-86877DF145B8}.AppStore|x64.ActiveCfg = AppStore|iPhone
		{40D4DA50-429B-4AA6-83F9-86877DF145B8}.AppStore|x86.ActiveCfg = AppStore|iPhone
		{40D4DA50-429B-4AA6-83F9-86877DF145B8}.Debug|Any CPU.ActiveCfg = Debug|iPhone
		{40D4DA50-429B-4AA6-83F9-86877DF145B8}.Debug|ARM.ActiveCfg = Debug|iPhone
		{40D4DA50-429B-4AA6-83F9-86877DF145B8}.Debug|iPhone.ActiveCfg = Debug|iPhone
		{40D4DA50-429B-4AA6-83F9-86877DF145B8}.Debug|iPhone.Build.0 = Debug|iPhone
		{40D4DA50-429B-4AA6-83F9-86877DF145B8}.Debug|iPhoneSimulator.ActiveCfg = Debug|iPhoneSimulator
		{40D4DA50-429B-4AA6-83F9-86877DF145B8}.Debug|iPhoneSimulator.Build.0 = Debug|iPhoneSimulator
		{40D4DA50-429B-4AA6-83F9-86877DF145B8}.Debug|x64.ActiveCfg = Debug|iPhone
		{40D4DA50-429B-4AA6-83F9-86877DF145B8}.Debug|x86.ActiveCfg = Debug|iPhone
		{40D4DA50-429B-4AA6-83F9-86877DF145B8}.Release|Any CPU.ActiveCfg = Release|iPhone
		{40D4DA50-429B-4AA6-83F9-86877DF145B8}.Release|ARM.ActiveCfg = Release|iPhone
		{40D4DA50-429B-4AA6-83F9-86877DF145B8}.Release|iPhone.ActiveCfg = Release|iPhone
		{40D4DA50-429B-4AA6-83F9-86877DF145B8}.Release|iPhone.Build.0 = Release|iPhone
		{40D4DA50-429B-4AA6-83F9-86877DF145B8}.Release|iPhoneSimulator.ActiveCfg = Release|iPhoneSimulator
		{40D4DA50-429B-4AA6-83F9-86877DF145B8}.Release|iPhoneSimulator.Build.0 = Release|iPhoneSimulator
		{40D4DA50-429B-4AA6-83F9-86877DF145B8}.Release|x64.ActiveCfg = Release|iPhone
		{40D4DA50-429B-4AA6-83F9-86877DF145B8}.Release|x86.ActiveCfg = Release|iPhone
		{D04D845A-1077-44A7-B688-75AE5F23BB68}.Ad-Hoc|Any CPU.ActiveCfg = Release|Any CPU
		{D04D845A-1077-44A7-B688-75AE5F23BB68}.Ad-Hoc|Any CPU.Build.0 = Release|Any CPU
		{D04D845A-1077-44A7-B688-75AE5F23BB68}.Ad-Hoc|Any CPU.Deploy.0 = Release|Any CPU
		{D04D845A-1077-44A7-B688-75AE5F23BB68}.Ad-Hoc|ARM.ActiveCfg = Release|Any CPU
		{D04D845A-1077-44A7-B688-75AE5F23BB68}.Ad-Hoc|ARM.Build.0 = Release|Any CPU
		{D04D845A-1077-44A7-B688-75AE5F23BB68}.Ad-Hoc|ARM.Deploy.0 = Release|Any CPU
		{D04D845A-1077-44A7-B688-75AE5F23BB68}.Ad-Hoc|iPhone.ActiveCfg = Release|Any CPU
		{D04D845A-1077-44A7-B688-75AE5F23BB68}.Ad-Hoc|iPhone.Build.0 = Release|Any CPU
		{D04D845A-1077-44A7-B688-75AE5F23BB68}.Ad-Hoc|iPhone.Deploy.0 = Release|Any CPU
		{D04D845A-1077-44A7-B688-75AE5F23BB68}.Ad-Hoc|iPhoneSimulator.ActiveCfg = Release|Any CPU
		{D04D845A-1077-44A7-B688-75AE5F23BB68}.Ad-Hoc|iPhoneSimulator.Build.0 = Release|Any CPU
		{D04D845A-1077-44A7-B688-75AE5F23BB68}.Ad-Hoc|iPhoneSimulator.Deploy.0 = Release|Any CPU
		{D04D845A-1077-44A7-B688-75AE5F23BB68}.Ad-Hoc|x64.ActiveCfg = Release|Any CPU
		{D04D845A-1077-44A7-B688-75AE5F23BB68}.Ad-Hoc|x64.Build.0 = Release|Any CPU
		{D04D845A-1077-44A7-B688-75AE5F23BB68}.Ad-Hoc|x64.Deploy.0 = Release|Any CPU
		{D04D845A-1077-44A7-B688-75AE5F23BB68}.Ad-Hoc|x86.ActiveCfg = Release|Any CPU
		{D04D845A-1077-44A7-B688-75AE5F23BB68}.Ad-Hoc|x86.Build.0 = Release|Any CPU
		{D04D845A-1077-44A7-B688-75AE5F23BB68}.Ad-Hoc|x86.Deploy.0 = Release|Any CPU
		{D04D845A-1077-44A7-B688-75AE5F23BB68}.AppStore|Any CPU.ActiveCfg = Release|Any CPU
		{D04D845A-1077-44A7-B688-75AE5F23BB68}.AppStore|Any CPU.Build.0 = Release|Any CPU
		{D04D845A-1077-44A7-B688-75AE5F23BB68}.AppStore|Any CPU.Deploy.0 = Release|Any CPU
		{D04D845A-1077-44A7-B688-75AE5F23BB68}.AppStore|ARM.ActiveCfg = Release|Any CPU
		{D04D845A-1077-44A7-B688-75AE5F23BB68}.AppStore|ARM.Build.0 = Release|Any CPU
		{D04D845A-1077-44A7-B688-75AE5F23BB68}.AppStore|ARM.Deploy.0 = Release|Any CPU
		{D04D845A-1077-44A7-B688-75AE5F23BB68}.AppStore|iPhone.ActiveCfg = Release|Any CPU
		{D04D845A-1077-44A7-B688-75AE5F23BB68}.AppStore|iPhone.Build.0 = Release|Any CPU
		{D04D845A-1077-44A7-B688-75AE5F23BB68}.AppStore|iPhone.Deploy.0 = Release|Any CPU
		{D04D845A-1077-44A7-B688-75AE5F23BB68}.AppStore|iPhoneSimulator.ActiveCfg = Release|Any CPU
		{D04D845A-1077-44A7-B688-75AE5F23BB68}.AppStore|iPhoneSimulator.Build.0 = Release|Any CPU
		{D04D845A-1077-44A7-B688-75AE5F23BB68}.AppStore|iPhoneSimulator.Deploy.0 = Release|Any CPU
		{D04D845A-1077-44A7-B688-75AE5F23BB68}.AppStore|x64.ActiveCfg = Release|Any CPU
		{D04D845A-1077-44A7-B688-75AE5F23BB68}.AppStore|x64.Build.0 = Release|Any CPU
		{D04D845A-1077-44A7-B688-75AE5F23BB68}.AppStore|x64.Deploy.0 = Release|Any CPU
		{D04D845A-1077-44A7-B688-75AE5F23BB68}.AppStore|x86.ActiveCfg = Release|Any CPU
		{D04D845A-1077-44A7-B688-75AE5F23BB68}.AppStore|x86.Build.0 = Release|Any CPU
		{D04D845A-1077-44A7-B688-75AE5F23BB68}.AppStore|x86.Deploy.0 = Release|Any CPU
		{D04D845A-1077-44A7-B688-75AE5F23BB68}.Debug|Any CPU.ActiveCfg = Debug|Any CPU
		{D04D845A-1077-44A7-B688-75AE5F23BB68}.Debug|Any CPU.Build.0 = Debug|Any CPU
		{D04D845A-1077-44A7-B688-75AE5F23BB68}.Debug|Any CPU.Deploy.0 = Debug|Any CPU
		{D04D845A-1077-44A7-B688-75AE5F23BB68}.Debug|ARM.ActiveCfg = Debug|Any CPU
		{D04D845A-1077-44A7-B688-75AE5F23BB68}.Debug|ARM.Build.0 = Debug|Any CPU
		{D04D845A-1077-44A7-B688-75AE5F23BB68}.Debug|ARM.Deploy.0 = Debug|Any CPU
		{D04D845A-1077-44A7-B688-75AE5F23BB68}.Debug|iPhone.ActiveCfg = Debug|Any CPU
		{D04D845A-1077-44A7-B688-75AE5F23BB68}.Debug|iPhone.Build.0 = Debug|Any CPU
		{D04D845A-1077-44A7-B688-75AE5F23BB68}.Debug|iPhone.Deploy.0 = Debug|Any CPU
		{D04D845A-1077-44A7-B688-75AE5F23BB68}.Debug|iPhoneSimulator.ActiveCfg = Debug|Any CPU
		{D04D845A-1077-44A7-B688-75AE5F23BB68}.Debug|iPhoneSimulator.Build.0 = Debug|Any CPU
		{D04D845A-1077-44A7-B688-75AE5F23BB68}.Debug|iPhoneSimulator.Deploy.0 = Debug|Any CPU
		{D04D845A-1077-44A7-B688-75AE5F23BB68}.Debug|x64.ActiveCfg = Debug|Any CPU
		{D04D845A-1077-44A7-B688-75AE5F23BB68}.Debug|x64.Build.0 = Debug|Any CPU
		{D04D845A-1077-44A7-B688-75AE5F23BB68}.Debug|x64.Deploy.0 = Debug|Any CPU
		{D04D845A-1077-44A7-B688-75AE5F23BB68}.Debug|x86.ActiveCfg = Debug|Any CPU
		{D04D845A-1077-44A7-B688-75AE5F23BB68}.Debug|x86.Build.0 = Debug|Any CPU
		{D04D845A-1077-44A7-B688-75AE5F23BB68}.Debug|x86.Deploy.0 = Debug|Any CPU
		{D04D845A-1077-44A7-B688-75AE5F23BB68}.Release|Any CPU.ActiveCfg = Release|Any CPU
		{D04D845A-1077-44A7-B688-75AE5F23BB68}.Release|Any CPU.Build.0 = Release|Any CPU
		{D04D845A-1077-44A7-B688-75AE5F23BB68}.Release|Any CPU.Deploy.0 = Release|Any CPU
		{D04D845A-1077-44A7-B688-75AE5F23BB68}.Release|ARM.ActiveCfg = Release|Any CPU
		{D04D845A-1077-44A7-B688-75AE5F23BB68}.Release|ARM.Build.0 = Release|Any CPU
		{D04D845A-1077-44A7-B688-75AE5F23BB68}.Release|ARM.Deploy.0 = Release|Any CPU
		{D04D845A-1077-44A7-B688-75AE5F23BB68}.Release|iPhone.ActiveCfg = Release|Any CPU
		{D04D845A-1077-44A7-B688-75AE5F23BB68}.Release|iPhone.Build.0 = Release|Any CPU
		{D04D845A-1077-44A7-B688-75AE5F23BB68}.Release|iPhone.Deploy.0 = Release|Any CPU
		{D04D845A-1077-44A7-B688-75AE5F23BB68}.Release|iPhoneSimulator.ActiveCfg = Release|Any CPU
		{D04D845A-1077-44A7-B688-75AE5F23BB68}.Release|iPhoneSimulator.Build.0 = Release|Any CPU
		{D04D845A-1077-44A7-B688-75AE5F23BB68}.Release|iPhoneSimulator.Deploy.0 = Release|Any CPU
		{D04D845A-1077-44A7-B688-75AE5F23BB68}.Release|x64.ActiveCfg = Release|Any CPU
		{D04D845A-1077-44A7-B688-75AE5F23BB68}.Release|x64.Build.0 = Release|Any CPU
		{D04D845A-1077-44A7-B688-75AE5F23BB68}.Release|x64.Deploy.0 = Release|Any CPU
		{D04D845A-1077-44A7-B688-75AE5F23BB68}.Release|x86.ActiveCfg = Release|Any CPU
		{D04D845A-1077-44A7-B688-75AE5F23BB68}.Release|x86.Build.0 = Release|Any CPU
		{D04D845A-1077-44A7-B688-75AE5F23BB68}.Release|x86.Deploy.0 = Release|Any CPU
		{609CA065-F270-41C8-BAA9-716A54C4D774}.Ad-Hoc|Any CPU.ActiveCfg = Release|Any CPU
		{609CA065-F270-41C8-BAA9-716A54C4D774}.Ad-Hoc|Any CPU.Build.0 = Release|Any CPU
		{609CA065-F270-41C8-BAA9-716A54C4D774}.Ad-Hoc|ARM.ActiveCfg = Release|Any CPU
		{609CA065-F270-41C8-BAA9-716A54C4D774}.Ad-Hoc|ARM.Build.0 = Release|Any CPU
		{609CA065-F270-41C8-BAA9-716A54C4D774}.Ad-Hoc|iPhone.ActiveCfg = Release|Any CPU
		{609CA065-F270-41C8-BAA9-716A54C4D774}.Ad-Hoc|iPhone.Build.0 = Release|Any CPU
		{609CA065-F270-41C8-BAA9-716A54C4D774}.Ad-Hoc|iPhoneSimulator.ActiveCfg = Release|Any CPU
		{609CA065-F270-41C8-BAA9-716A54C4D774}.Ad-Hoc|iPhoneSimulator.Build.0 = Release|Any CPU
		{609CA065-F270-41C8-BAA9-716A54C4D774}.Ad-Hoc|x64.ActiveCfg = Release|Any CPU
		{609CA065-F270-41C8-BAA9-716A54C4D774}.Ad-Hoc|x64.Build.0 = Release|Any CPU
		{609CA065-F270-41C8-BAA9-716A54C4D774}.Ad-Hoc|x86.ActiveCfg = Release|Any CPU
		{609CA065-F270-41C8-BAA9-716A54C4D774}.Ad-Hoc|x86.Build.0 = Release|Any CPU
		{609CA065-F270-41C8-BAA9-716A54C4D774}.AppStore|Any CPU.ActiveCfg = Release|Any CPU
		{609CA065-F270-41C8-BAA9-716A54C4D774}.AppStore|Any CPU.Build.0 = Release|Any CPU
		{609CA065-F270-41C8-BAA9-716A54C4D774}.AppStore|ARM.ActiveCfg = Release|Any CPU
		{609CA065-F270-41C8-BAA9-716A54C4D774}.AppStore|ARM.Build.0 = Release|Any CPU
		{609CA065-F270-41C8-BAA9-716A54C4D774}.AppStore|iPhone.ActiveCfg = Release|Any CPU
		{609CA065-F270-41C8-BAA9-716A54C4D774}.AppStore|iPhone.Build.0 = Release|Any CPU
		{609CA065-F270-41C8-BAA9-716A54C4D774}.AppStore|iPhoneSimulator.ActiveCfg = Release|Any CPU
		{609CA065-F270-41C8-BAA9-716A54C4D774}.AppStore|iPhoneSimulator.Build.0 = Release|Any CPU
		{609CA065-F270-41C8-BAA9-716A54C4D774}.AppStore|x64.ActiveCfg = Release|Any CPU
		{609CA065-F270-41C8-BAA9-716A54C4D774}.AppStore|x64.Build.0 = Release|Any CPU
		{609CA065-F270-41C8-BAA9-716A54C4D774}.AppStore|x86.ActiveCfg = Release|Any CPU
		{609CA065-F270-41C8-BAA9-716A54C4D774}.AppStore|x86.Build.0 = Release|Any CPU
		{609CA065-F270-41C8-BAA9-716A54C4D774}.Debug|Any CPU.ActiveCfg = Debug|Any CPU
		{609CA065-F270-41C8-BAA9-716A54C4D774}.Debug|Any CPU.Build.0 = Debug|Any CPU
		{609CA065-F270-41C8-BAA9-716A54C4D774}.Debug|ARM.ActiveCfg = Debug|Any CPU
		{609CA065-F270-41C8-BAA9-716A54C4D774}.Debug|ARM.Build.0 = Debug|Any CPU
		{609CA065-F270-41C8-BAA9-716A54C4D774}.Debug|iPhone.ActiveCfg = Debug|Any CPU
		{609CA065-F270-41C8-BAA9-716A54C4D774}.Debug|iPhone.Build.0 = Debug|Any CPU
		{609CA065-F270-41C8-BAA9-716A54C4D774}.Debug|iPhoneSimulator.ActiveCfg = Debug|Any CPU
		{609CA065-F270-41C8-BAA9-716A54C4D774}.Debug|iPhoneSimulator.Build.0 = Debug|Any CPU
		{609CA065-F270-41C8-BAA9-716A54C4D774}.Debug|x64.ActiveCfg = Debug|Any CPU
		{609CA065-F270-41C8-BAA9-716A54C4D774}.Debug|x64.Build.0 = Debug|Any CPU
		{609CA065-F270-41C8-BAA9-716A54C4D774}.Debug|x86.ActiveCfg = Debug|Any CPU
		{609CA065-F270-41C8-BAA9-716A54C4D774}.Debug|x86.Build.0 = Debug|Any CPU
		{609CA065-F270-41C8-BAA9-716A54C4D774}.Release|Any CPU.ActiveCfg = Release|Any CPU
		{609CA065-F270-41C8-BAA9-716A54C4D774}.Release|Any CPU.Build.0 = Release|Any CPU
		{609CA065-F270-41C8-BAA9-716A54C4D774}.Release|ARM.ActiveCfg = Release|Any CPU
		{609CA065-F270-41C8-BAA9-716A54C4D774}.Release|ARM.Build.0 = Release|Any CPU
		{609CA065-F270-41C8-BAA9-716A54C4D774}.Release|iPhone.ActiveCfg = Release|Any CPU
		{609CA065-F270-41C8-BAA9-716A54C4D774}.Release|iPhone.Build.0 = Release|Any CPU
		{609CA065-F270-41C8-BAA9-716A54C4D774}.Release|iPhoneSimulator.ActiveCfg = Release|Any CPU
		{609CA065-F270-41C8-BAA9-716A54C4D774}.Release|iPhoneSimulator.Build.0 = Release|Any CPU
		{609CA065-F270-41C8-BAA9-716A54C4D774}.Release|x64.ActiveCfg = Release|Any CPU
		{609CA065-F270-41C8-BAA9-716A54C4D774}.Release|x64.Build.0 = Release|Any CPU
		{609CA065-F270-41C8-BAA9-716A54C4D774}.Release|x86.ActiveCfg = Release|Any CPU
		{609CA065-F270-41C8-BAA9-716A54C4D774}.Release|x86.Build.0 = Release|Any CPU
		{1E65759C-0CC6-4F0F-B358-901175EE5062}.Ad-Hoc|Any CPU.ActiveCfg = Release|x86
		{1E65759C-0CC6-4F0F-B358-901175EE5062}.Ad-Hoc|Any CPU.Build.0 = Release|x86
		{1E65759C-0CC6-4F0F-B358-901175EE5062}.Ad-Hoc|Any CPU.Deploy.0 = Release|x86
		{1E65759C-0CC6-4F0F-B358-901175EE5062}.Ad-Hoc|ARM.ActiveCfg = Release|ARM
		{1E65759C-0CC6-4F0F-B358-901175EE5062}.Ad-Hoc|ARM.Build.0 = Release|ARM
		{1E65759C-0CC6-4F0F-B358-901175EE5062}.Ad-Hoc|ARM.Deploy.0 = Release|ARM
		{1E65759C-0CC6-4F0F-B358-901175EE5062}.Ad-Hoc|iPhone.ActiveCfg = Release|x86
		{1E65759C-0CC6-4F0F-B358-901175EE5062}.Ad-Hoc|iPhone.Build.0 = Release|x86
		{1E65759C-0CC6-4F0F-B358-901175EE5062}.Ad-Hoc|iPhone.Deploy.0 = Release|x86
		{1E65759C-0CC6-4F0F-B358-901175EE5062}.Ad-Hoc|iPhoneSimulator.ActiveCfg = Release|x86
		{1E65759C-0CC6-4F0F-B358-901175EE5062}.Ad-Hoc|iPhoneSimulator.Build.0 = Release|x86
		{1E65759C-0CC6-4F0F-B358-901175EE5062}.Ad-Hoc|iPhoneSimulator.Deploy.0 = Release|x86
		{1E65759C-0CC6-4F0F-B358-901175EE5062}.Ad-Hoc|x64.ActiveCfg = Release|x64
		{1E65759C-0CC6-4F0F-B358-901175EE5062}.Ad-Hoc|x64.Build.0 = Release|x64
		{1E65759C-0CC6-4F0F-B358-901175EE5062}.Ad-Hoc|x64.Deploy.0 = Release|x64
		{1E65759C-0CC6-4F0F-B358-901175EE5062}.Ad-Hoc|x86.ActiveCfg = Release|x86
		{1E65759C-0CC6-4F0F-B358-901175EE5062}.Ad-Hoc|x86.Build.0 = Release|x86
		{1E65759C-0CC6-4F0F-B358-901175EE5062}.Ad-Hoc|x86.Deploy.0 = Release|x86
		{1E65759C-0CC6-4F0F-B358-901175EE5062}.AppStore|Any CPU.ActiveCfg = Release|x86
		{1E65759C-0CC6-4F0F-B358-901175EE5062}.AppStore|Any CPU.Build.0 = Release|x86
		{1E65759C-0CC6-4F0F-B358-901175EE5062}.AppStore|Any CPU.Deploy.0 = Release|x86
		{1E65759C-0CC6-4F0F-B358-901175EE5062}.AppStore|ARM.ActiveCfg = Release|ARM
		{1E65759C-0CC6-4F0F-B358-901175EE5062}.AppStore|ARM.Build.0 = Release|ARM
		{1E65759C-0CC6-4F0F-B358-901175EE5062}.AppStore|ARM.Deploy.0 = Release|ARM
		{1E65759C-0CC6-4F0F-B358-901175EE5062}.AppStore|iPhone.ActiveCfg = Release|x86
		{1E65759C-0CC6-4F0F-B358-901175EE5062}.AppStore|iPhone.Build.0 = Release|x86
		{1E65759C-0CC6-4F0F-B358-901175EE5062}.AppStore|iPhone.Deploy.0 = Release|x86
		{1E65759C-0CC6-4F0F-B358-901175EE5062}.AppStore|iPhoneSimulator.ActiveCfg = Release|x86
		{1E65759C-0CC6-4F0F-B358-901175EE5062}.AppStore|iPhoneSimulator.Build.0 = Release|x86
		{1E65759C-0CC6-4F0F-B358-901175EE5062}.AppStore|iPhoneSimulator.Deploy.0 = Release|x86
		{1E65759C-0CC6-4F0F-B358-901175EE5062}.AppStore|x64.ActiveCfg = Release|x64
		{1E65759C-0CC6-4F0F-B358-901175EE5062}.AppStore|x64.Build.0 = Release|x64
		{1E65759C-0CC6-4F0F-B358-901175EE5062}.AppStore|x64.Deploy.0 = Release|x64
		{1E65759C-0CC6-4F0F-B358-901175EE5062}.AppStore|x86.ActiveCfg = Release|x86
		{1E65759C-0CC6-4F0F-B358-901175EE5062}.AppStore|x86.Build.0 = Release|x86
		{1E65759C-0CC6-4F0F-B358-901175EE5062}.AppStore|x86.Deploy.0 = Release|x86
		{1E65759C-0CC6-4F0F-B358-901175EE5062}.Debug|Any CPU.ActiveCfg = Debug|x86
		{1E65759C-0CC6-4F0F-B358-901175EE5062}.Debug|ARM.ActiveCfg = Debug|ARM
		{1E65759C-0CC6-4F0F-B358-901175EE5062}.Debug|ARM.Build.0 = Debug|ARM
		{1E65759C-0CC6-4F0F-B358-901175EE5062}.Debug|ARM.Deploy.0 = Debug|ARM
		{1E65759C-0CC6-4F0F-B358-901175EE5062}.Debug|iPhone.ActiveCfg = Debug|x86
		{1E65759C-0CC6-4F0F-B358-901175EE5062}.Debug|iPhoneSimulator.ActiveCfg = Debug|x86
		{1E65759C-0CC6-4F0F-B358-901175EE5062}.Debug|x64.ActiveCfg = Debug|x64
		{1E65759C-0CC6-4F0F-B358-901175EE5062}.Debug|x64.Build.0 = Debug|x64
		{1E65759C-0CC6-4F0F-B358-901175EE5062}.Debug|x64.Deploy.0 = Debug|x64
		{1E65759C-0CC6-4F0F-B358-901175EE5062}.Debug|x86.ActiveCfg = Debug|x86
		{1E65759C-0CC6-4F0F-B358-901175EE5062}.Debug|x86.Build.0 = Debug|x86
		{1E65759C-0CC6-4F0F-B358-901175EE5062}.Debug|x86.Deploy.0 = Debug|x86
		{1E65759C-0CC6-4F0F-B358-901175EE5062}.Release|Any CPU.ActiveCfg = Release|x86
		{1E65759C-0CC6-4F0F-B358-901175EE5062}.Release|ARM.ActiveCfg = Release|ARM
		{1E65759C-0CC6-4F0F-B358-901175EE5062}.Release|ARM.Build.0 = Release|ARM
		{1E65759C-0CC6-4F0F-B358-901175EE5062}.Release|ARM.Deploy.0 = Release|ARM
		{1E65759C-0CC6-4F0F-B358-901175EE5062}.Release|iPhone.ActiveCfg = Release|x86
		{1E65759C-0CC6-4F0F-B358-901175EE5062}.Release|iPhoneSimulator.ActiveCfg = Release|x86
		{1E65759C-0CC6-4F0F-B358-901175EE5062}.Release|x64.ActiveCfg = Release|x64
		{1E65759C-0CC6-4F0F-B358-901175EE5062}.Release|x64.Build.0 = Release|x64
		{1E65759C-0CC6-4F0F-B358-901175EE5062}.Release|x64.Deploy.0 = Release|x64
		{1E65759C-0CC6-4F0F-B358-901175EE5062}.Release|x86.ActiveCfg = Release|x86
		{1E65759C-0CC6-4F0F-B358-901175EE5062}.Release|x86.Build.0 = Release|x86
		{1E65759C-0CC6-4F0F-B358-901175EE5062}.Release|x86.Deploy.0 = Release|x86
		{40FADF5E-CC55-4C00-8BB4-F9D20DA0B4A9}.Ad-Hoc|Any CPU.ActiveCfg = Ad-Hoc|iPhone
		{40FADF5E-CC55-4C00-8BB4-F9D20DA0B4A9}.Ad-Hoc|ARM.ActiveCfg = Ad-Hoc|iPhone
		{40FADF5E-CC55-4C00-8BB4-F9D20DA0B4A9}.Ad-Hoc|iPhone.ActiveCfg = Ad-Hoc|iPhone
		{40FADF5E-CC55-4C00-8BB4-F9D20DA0B4A9}.Ad-Hoc|iPhone.Build.0 = Ad-Hoc|iPhone
		{40FADF5E-CC55-4C00-8BB4-F9D20DA0B4A9}.Ad-Hoc|iPhoneSimulator.ActiveCfg = Ad-Hoc|iPhoneSimulator
		{40FADF5E-CC55-4C00-8BB4-F9D20DA0B4A9}.Ad-Hoc|iPhoneSimulator.Build.0 = Ad-Hoc|iPhoneSimulator
		{40FADF5E-CC55-4C00-8BB4-F9D20DA0B4A9}.Ad-Hoc|x64.ActiveCfg = Ad-Hoc|iPhone
		{40FADF5E-CC55-4C00-8BB4-F9D20DA0B4A9}.Ad-Hoc|x86.ActiveCfg = Ad-Hoc|iPhone
		{40FADF5E-CC55-4C00-8BB4-F9D20DA0B4A9}.AppStore|Any CPU.ActiveCfg = AppStore|iPhone
		{40FADF5E-CC55-4C00-8BB4-F9D20DA0B4A9}.AppStore|ARM.ActiveCfg = AppStore|iPhone
		{40FADF5E-CC55-4C00-8BB4-F9D20DA0B4A9}.AppStore|iPhone.ActiveCfg = AppStore|iPhone
		{40FADF5E-CC55-4C00-8BB4-F9D20DA0B4A9}.AppStore|iPhone.Build.0 = AppStore|iPhone
		{40FADF5E-CC55-4C00-8BB4-F9D20DA0B4A9}.AppStore|iPhoneSimulator.ActiveCfg = AppStore|iPhoneSimulator
		{40FADF5E-CC55-4C00-8BB4-F9D20DA0B4A9}.AppStore|iPhoneSimulator.Build.0 = AppStore|iPhoneSimulator
		{40FADF5E-CC55-4C00-8BB4-F9D20DA0B4A9}.AppStore|x64.ActiveCfg = AppStore|iPhone
		{40FADF5E-CC55-4C00-8BB4-F9D20DA0B4A9}.AppStore|x86.ActiveCfg = AppStore|iPhone
		{40FADF5E-CC55-4C00-8BB4-F9D20DA0B4A9}.Debug|Any CPU.ActiveCfg = Debug|iPhone
		{40FADF5E-CC55-4C00-8BB4-F9D20DA0B4A9}.Debug|ARM.ActiveCfg = Debug|iPhone
		{40FADF5E-CC55-4C00-8BB4-F9D20DA0B4A9}.Debug|iPhone.ActiveCfg = Debug|iPhone
		{40FADF5E-CC55-4C00-8BB4-F9D20DA0B4A9}.Debug|iPhone.Build.0 = Debug|iPhone
		{40FADF5E-CC55-4C00-8BB4-F9D20DA0B4A9}.Debug|iPhoneSimulator.ActiveCfg = Debug|iPhoneSimulator
		{40FADF5E-CC55-4C00-8BB4-F9D20DA0B4A9}.Debug|iPhoneSimulator.Build.0 = Debug|iPhoneSimulator
		{40FADF5E-CC55-4C00-8BB4-F9D20DA0B4A9}.Debug|x64.ActiveCfg = Debug|iPhone
		{40FADF5E-CC55-4C00-8BB4-F9D20DA0B4A9}.Debug|x86.ActiveCfg = Debug|iPhone
		{40FADF5E-CC55-4C00-8BB4-F9D20DA0B4A9}.Release|Any CPU.ActiveCfg = Release|iPhone
		{40FADF5E-CC55-4C00-8BB4-F9D20DA0B4A9}.Release|ARM.ActiveCfg = Release|iPhone
		{40FADF5E-CC55-4C00-8BB4-F9D20DA0B4A9}.Release|iPhone.ActiveCfg = Release|iPhone
		{40FADF5E-CC55-4C00-8BB4-F9D20DA0B4A9}.Release|iPhone.Build.0 = Release|iPhone
		{40FADF5E-CC55-4C00-8BB4-F9D20DA0B4A9}.Release|iPhoneSimulator.ActiveCfg = Release|iPhoneSimulator
		{40FADF5E-CC55-4C00-8BB4-F9D20DA0B4A9}.Release|iPhoneSimulator.Build.0 = Release|iPhoneSimulator
		{40FADF5E-CC55-4C00-8BB4-F9D20DA0B4A9}.Release|x64.ActiveCfg = Release|iPhone
		{40FADF5E-CC55-4C00-8BB4-F9D20DA0B4A9}.Release|x86.ActiveCfg = Release|iPhone
		{66F7D9E4-98CD-47BC-9530-EF24918968B9}.Ad-Hoc|Any CPU.ActiveCfg = Release|Any CPU
		{66F7D9E4-98CD-47BC-9530-EF24918968B9}.Ad-Hoc|Any CPU.Build.0 = Release|Any CPU
		{66F7D9E4-98CD-47BC-9530-EF24918968B9}.Ad-Hoc|Any CPU.Deploy.0 = Release|Any CPU
		{66F7D9E4-98CD-47BC-9530-EF24918968B9}.Ad-Hoc|ARM.ActiveCfg = Release|Any CPU
		{66F7D9E4-98CD-47BC-9530-EF24918968B9}.Ad-Hoc|ARM.Build.0 = Release|Any CPU
		{66F7D9E4-98CD-47BC-9530-EF24918968B9}.Ad-Hoc|ARM.Deploy.0 = Release|Any CPU
		{66F7D9E4-98CD-47BC-9530-EF24918968B9}.Ad-Hoc|iPhone.ActiveCfg = Release|Any CPU
		{66F7D9E4-98CD-47BC-9530-EF24918968B9}.Ad-Hoc|iPhone.Build.0 = Release|Any CPU
		{66F7D9E4-98CD-47BC-9530-EF24918968B9}.Ad-Hoc|iPhone.Deploy.0 = Release|Any CPU
		{66F7D9E4-98CD-47BC-9530-EF24918968B9}.Ad-Hoc|iPhoneSimulator.ActiveCfg = Release|Any CPU
		{66F7D9E4-98CD-47BC-9530-EF24918968B9}.Ad-Hoc|iPhoneSimulator.Build.0 = Release|Any CPU
		{66F7D9E4-98CD-47BC-9530-EF24918968B9}.Ad-Hoc|iPhoneSimulator.Deploy.0 = Release|Any CPU
		{66F7D9E4-98CD-47BC-9530-EF24918968B9}.Ad-Hoc|x64.ActiveCfg = Release|Any CPU
		{66F7D9E4-98CD-47BC-9530-EF24918968B9}.Ad-Hoc|x64.Build.0 = Release|Any CPU
		{66F7D9E4-98CD-47BC-9530-EF24918968B9}.Ad-Hoc|x64.Deploy.0 = Release|Any CPU
		{66F7D9E4-98CD-47BC-9530-EF24918968B9}.Ad-Hoc|x86.ActiveCfg = Release|Any CPU
		{66F7D9E4-98CD-47BC-9530-EF24918968B9}.Ad-Hoc|x86.Build.0 = Release|Any CPU
		{66F7D9E4-98CD-47BC-9530-EF24918968B9}.Ad-Hoc|x86.Deploy.0 = Release|Any CPU
		{66F7D9E4-98CD-47BC-9530-EF24918968B9}.AppStore|Any CPU.ActiveCfg = Release|Any CPU
		{66F7D9E4-98CD-47BC-9530-EF24918968B9}.AppStore|Any CPU.Build.0 = Release|Any CPU
		{66F7D9E4-98CD-47BC-9530-EF24918968B9}.AppStore|Any CPU.Deploy.0 = Release|Any CPU
		{66F7D9E4-98CD-47BC-9530-EF24918968B9}.AppStore|ARM.ActiveCfg = Release|Any CPU
		{66F7D9E4-98CD-47BC-9530-EF24918968B9}.AppStore|ARM.Build.0 = Release|Any CPU
		{66F7D9E4-98CD-47BC-9530-EF24918968B9}.AppStore|ARM.Deploy.0 = Release|Any CPU
		{66F7D9E4-98CD-47BC-9530-EF24918968B9}.AppStore|iPhone.ActiveCfg = Release|Any CPU
		{66F7D9E4-98CD-47BC-9530-EF24918968B9}.AppStore|iPhone.Build.0 = Release|Any CPU
		{66F7D9E4-98CD-47BC-9530-EF24918968B9}.AppStore|iPhone.Deploy.0 = Release|Any CPU
		{66F7D9E4-98CD-47BC-9530-EF24918968B9}.AppStore|iPhoneSimulator.ActiveCfg = Release|Any CPU
		{66F7D9E4-98CD-47BC-9530-EF24918968B9}.AppStore|iPhoneSimulator.Build.0 = Release|Any CPU
		{66F7D9E4-98CD-47BC-9530-EF24918968B9}.AppStore|iPhoneSimulator.Deploy.0 = Release|Any CPU
		{66F7D9E4-98CD-47BC-9530-EF24918968B9}.AppStore|x64.ActiveCfg = Release|Any CPU
		{66F7D9E4-98CD-47BC-9530-EF24918968B9}.AppStore|x64.Build.0 = Release|Any CPU
		{66F7D9E4-98CD-47BC-9530-EF24918968B9}.AppStore|x64.Deploy.0 = Release|Any CPU
		{66F7D9E4-98CD-47BC-9530-EF24918968B9}.AppStore|x86.ActiveCfg = Release|Any CPU
		{66F7D9E4-98CD-47BC-9530-EF24918968B9}.AppStore|x86.Build.0 = Release|Any CPU
		{66F7D9E4-98CD-47BC-9530-EF24918968B9}.AppStore|x86.Deploy.0 = Release|Any CPU
		{66F7D9E4-98CD-47BC-9530-EF24918968B9}.Debug|Any CPU.ActiveCfg = Debug|Any CPU
		{66F7D9E4-98CD-47BC-9530-EF24918968B9}.Debug|Any CPU.Build.0 = Debug|Any CPU
		{66F7D9E4-98CD-47BC-9530-EF24918968B9}.Debug|Any CPU.Deploy.0 = Debug|Any CPU
		{66F7D9E4-98CD-47BC-9530-EF24918968B9}.Debug|ARM.ActiveCfg = Debug|Any CPU
		{66F7D9E4-98CD-47BC-9530-EF24918968B9}.Debug|ARM.Build.0 = Debug|Any CPU
		{66F7D9E4-98CD-47BC-9530-EF24918968B9}.Debug|ARM.Deploy.0 = Debug|Any CPU
		{66F7D9E4-98CD-47BC-9530-EF24918968B9}.Debug|iPhone.ActiveCfg = Debug|Any CPU
		{66F7D9E4-98CD-47BC-9530-EF24918968B9}.Debug|iPhone.Build.0 = Debug|Any CPU
		{66F7D9E4-98CD-47BC-9530-EF24918968B9}.Debug|iPhone.Deploy.0 = Debug|Any CPU
		{66F7D9E4-98CD-47BC-9530-EF24918968B9}.Debug|iPhoneSimulator.ActiveCfg = Debug|Any CPU
		{66F7D9E4-98CD-47BC-9530-EF24918968B9}.Debug|iPhoneSimulator.Build.0 = Debug|Any CPU
		{66F7D9E4-98CD-47BC-9530-EF24918968B9}.Debug|iPhoneSimulator.Deploy.0 = Debug|Any CPU
		{66F7D9E4-98CD-47BC-9530-EF24918968B9}.Debug|x64.ActiveCfg = Debug|Any CPU
		{66F7D9E4-98CD-47BC-9530-EF24918968B9}.Debug|x64.Build.0 = Debug|Any CPU
		{66F7D9E4-98CD-47BC-9530-EF24918968B9}.Debug|x64.Deploy.0 = Debug|Any CPU
		{66F7D9E4-98CD-47BC-9530-EF24918968B9}.Debug|x86.ActiveCfg = Debug|Any CPU
		{66F7D9E4-98CD-47BC-9530-EF24918968B9}.Debug|x86.Build.0 = Debug|Any CPU
		{66F7D9E4-98CD-47BC-9530-EF24918968B9}.Debug|x86.Deploy.0 = Debug|Any CPU
		{66F7D9E4-98CD-47BC-9530-EF24918968B9}.Release|Any CPU.ActiveCfg = Release|Any CPU
		{66F7D9E4-98CD-47BC-9530-EF24918968B9}.Release|Any CPU.Build.0 = Release|Any CPU
		{66F7D9E4-98CD-47BC-9530-EF24918968B9}.Release|Any CPU.Deploy.0 = Release|Any CPU
		{66F7D9E4-98CD-47BC-9530-EF24918968B9}.Release|ARM.ActiveCfg = Release|Any CPU
		{66F7D9E4-98CD-47BC-9530-EF24918968B9}.Release|ARM.Build.0 = Release|Any CPU
		{66F7D9E4-98CD-47BC-9530-EF24918968B9}.Release|ARM.Deploy.0 = Release|Any CPU
		{66F7D9E4-98CD-47BC-9530-EF24918968B9}.Release|iPhone.ActiveCfg = Release|Any CPU
		{66F7D9E4-98CD-47BC-9530-EF24918968B9}.Release|iPhone.Build.0 = Release|Any CPU
		{66F7D9E4-98CD-47BC-9530-EF24918968B9}.Release|iPhone.Deploy.0 = Release|Any CPU
		{66F7D9E4-98CD-47BC-9530-EF24918968B9}.Release|iPhoneSimulator.ActiveCfg = Release|Any CPU
		{66F7D9E4-98CD-47BC-9530-EF24918968B9}.Release|iPhoneSimulator.Build.0 = Release|Any CPU
		{66F7D9E4-98CD-47BC-9530-EF24918968B9}.Release|iPhoneSimulator.Deploy.0 = Release|Any CPU
		{66F7D9E4-98CD-47BC-9530-EF24918968B9}.Release|x64.ActiveCfg = Release|Any CPU
		{66F7D9E4-98CD-47BC-9530-EF24918968B9}.Release|x64.Build.0 = Release|Any CPU
		{66F7D9E4-98CD-47BC-9530-EF24918968B9}.Release|x64.Deploy.0 = Release|Any CPU
		{66F7D9E4-98CD-47BC-9530-EF24918968B9}.Release|x86.ActiveCfg = Release|Any CPU
		{66F7D9E4-98CD-47BC-9530-EF24918968B9}.Release|x86.Build.0 = Release|Any CPU
		{66F7D9E4-98CD-47BC-9530-EF24918968B9}.Release|x86.Deploy.0 = Release|Any CPU
		{1ECF99F7-4B8D-4817-8C40-0C3490065B76}.Ad-Hoc|Any CPU.ActiveCfg = Release|Any CPU
		{1ECF99F7-4B8D-4817-8C40-0C3490065B76}.Ad-Hoc|Any CPU.Build.0 = Release|Any CPU
		{1ECF99F7-4B8D-4817-8C40-0C3490065B76}.Ad-Hoc|ARM.ActiveCfg = Release|Any CPU
		{1ECF99F7-4B8D-4817-8C40-0C3490065B76}.Ad-Hoc|ARM.Build.0 = Release|Any CPU
		{1ECF99F7-4B8D-4817-8C40-0C3490065B76}.Ad-Hoc|iPhone.ActiveCfg = Release|Any CPU
		{1ECF99F7-4B8D-4817-8C40-0C3490065B76}.Ad-Hoc|iPhone.Build.0 = Release|Any CPU
		{1ECF99F7-4B8D-4817-8C40-0C3490065B76}.Ad-Hoc|iPhoneSimulator.ActiveCfg = Release|Any CPU
		{1ECF99F7-4B8D-4817-8C40-0C3490065B76}.Ad-Hoc|iPhoneSimulator.Build.0 = Release|Any CPU
		{1ECF99F7-4B8D-4817-8C40-0C3490065B76}.Ad-Hoc|x64.ActiveCfg = Release|Any CPU
		{1ECF99F7-4B8D-4817-8C40-0C3490065B76}.Ad-Hoc|x64.Build.0 = Release|Any CPU
		{1ECF99F7-4B8D-4817-8C40-0C3490065B76}.Ad-Hoc|x86.ActiveCfg = Release|Any CPU
		{1ECF99F7-4B8D-4817-8C40-0C3490065B76}.Ad-Hoc|x86.Build.0 = Release|Any CPU
		{1ECF99F7-4B8D-4817-8C40-0C3490065B76}.AppStore|Any CPU.ActiveCfg = Release|Any CPU
		{1ECF99F7-4B8D-4817-8C40-0C3490065B76}.AppStore|Any CPU.Build.0 = Release|Any CPU
		{1ECF99F7-4B8D-4817-8C40-0C3490065B76}.AppStore|ARM.ActiveCfg = Release|Any CPU
		{1ECF99F7-4B8D-4817-8C40-0C3490065B76}.AppStore|ARM.Build.0 = Release|Any CPU
		{1ECF99F7-4B8D-4817-8C40-0C3490065B76}.AppStore|iPhone.ActiveCfg = Release|Any CPU
		{1ECF99F7-4B8D-4817-8C40-0C3490065B76}.AppStore|iPhone.Build.0 = Release|Any CPU
		{1ECF99F7-4B8D-4817-8C40-0C3490065B76}.AppStore|iPhoneSimulator.ActiveCfg = Release|Any CPU
		{1ECF99F7-4B8D-4817-8C40-0C3490065B76}.AppStore|iPhoneSimulator.Build.0 = Release|Any CPU
		{1ECF99F7-4B8D-4817-8C40-0C3490065B76}.AppStore|x64.ActiveCfg = Release|Any CPU
		{1ECF99F7-4B8D-4817-8C40-0C3490065B76}.AppStore|x64.Build.0 = Release|Any CPU
		{1ECF99F7-4B8D-4817-8C40-0C3490065B76}.AppStore|x86.ActiveCfg = Release|Any CPU
		{1ECF99F7-4B8D-4817-8C40-0C3490065B76}.AppStore|x86.Build.0 = Release|Any CPU
		{1ECF99F7-4B8D-4817-8C40-0C3490065B76}.Debug|Any CPU.ActiveCfg = Debug|Any CPU
		{1ECF99F7-4B8D-4817-8C40-0C3490065B76}.Debug|Any CPU.Build.0 = Debug|Any CPU
		{1ECF99F7-4B8D-4817-8C40-0C3490065B76}.Debug|ARM.ActiveCfg = Debug|Any CPU
		{1ECF99F7-4B8D-4817-8C40-0C3490065B76}.Debug|ARM.Build.0 = Debug|Any CPU
		{1ECF99F7-4B8D-4817-8C40-0C3490065B76}.Debug|iPhone.ActiveCfg = Debug|Any CPU
		{1ECF99F7-4B8D-4817-8C40-0C3490065B76}.Debug|iPhone.Build.0 = Debug|Any CPU
		{1ECF99F7-4B8D-4817-8C40-0C3490065B76}.Debug|iPhoneSimulator.ActiveCfg = Debug|Any CPU
		{1ECF99F7-4B8D-4817-8C40-0C3490065B76}.Debug|iPhoneSimulator.Build.0 = Debug|Any CPU
		{1ECF99F7-4B8D-4817-8C40-0C3490065B76}.Debug|x64.ActiveCfg = Debug|Any CPU
		{1ECF99F7-4B8D-4817-8C40-0C3490065B76}.Debug|x64.Build.0 = Debug|Any CPU
		{1ECF99F7-4B8D-4817-8C40-0C3490065B76}.Debug|x86.ActiveCfg = Debug|Any CPU
		{1ECF99F7-4B8D-4817-8C40-0C3490065B76}.Debug|x86.Build.0 = Debug|Any CPU
		{1ECF99F7-4B8D-4817-8C40-0C3490065B76}.Release|Any CPU.ActiveCfg = Release|Any CPU
		{1ECF99F7-4B8D-4817-8C40-0C3490065B76}.Release|Any CPU.Build.0 = Release|Any CPU
		{1ECF99F7-4B8D-4817-8C40-0C3490065B76}.Release|ARM.ActiveCfg = Release|Any CPU
		{1ECF99F7-4B8D-4817-8C40-0C3490065B76}.Release|ARM.Build.0 = Release|Any CPU
		{1ECF99F7-4B8D-4817-8C40-0C3490065B76}.Release|iPhone.ActiveCfg = Release|Any CPU
		{1ECF99F7-4B8D-4817-8C40-0C3490065B76}.Release|iPhone.Build.0 = Release|Any CPU
		{1ECF99F7-4B8D-4817-8C40-0C3490065B76}.Release|iPhoneSimulator.ActiveCfg = Release|Any CPU
		{1ECF99F7-4B8D-4817-8C40-0C3490065B76}.Release|iPhoneSimulator.Build.0 = Release|Any CPU
		{1ECF99F7-4B8D-4817-8C40-0C3490065B76}.Release|x64.ActiveCfg = Release|Any CPU
		{1ECF99F7-4B8D-4817-8C40-0C3490065B76}.Release|x64.Build.0 = Release|Any CPU
		{1ECF99F7-4B8D-4817-8C40-0C3490065B76}.Release|x86.ActiveCfg = Release|Any CPU
		{1ECF99F7-4B8D-4817-8C40-0C3490065B76}.Release|x86.Build.0 = Release|Any CPU
		{280321A3-FEA2-4624-B93D-22DD93F704B6}.Ad-Hoc|Any CPU.ActiveCfg = Release|x86
		{280321A3-FEA2-4624-B93D-22DD93F704B6}.Ad-Hoc|Any CPU.Build.0 = Release|x86
		{280321A3-FEA2-4624-B93D-22DD93F704B6}.Ad-Hoc|Any CPU.Deploy.0 = Release|x86
		{280321A3-FEA2-4624-B93D-22DD93F704B6}.Ad-Hoc|ARM.ActiveCfg = Release|ARM
		{280321A3-FEA2-4624-B93D-22DD93F704B6}.Ad-Hoc|ARM.Build.0 = Release|ARM
		{280321A3-FEA2-4624-B93D-22DD93F704B6}.Ad-Hoc|ARM.Deploy.0 = Release|ARM
		{280321A3-FEA2-4624-B93D-22DD93F704B6}.Ad-Hoc|iPhone.ActiveCfg = Release|x86
		{280321A3-FEA2-4624-B93D-22DD93F704B6}.Ad-Hoc|iPhone.Build.0 = Release|x86
		{280321A3-FEA2-4624-B93D-22DD93F704B6}.Ad-Hoc|iPhone.Deploy.0 = Release|x86
		{280321A3-FEA2-4624-B93D-22DD93F704B6}.Ad-Hoc|iPhoneSimulator.ActiveCfg = Release|x86
		{280321A3-FEA2-4624-B93D-22DD93F704B6}.Ad-Hoc|iPhoneSimulator.Build.0 = Release|x86
		{280321A3-FEA2-4624-B93D-22DD93F704B6}.Ad-Hoc|iPhoneSimulator.Deploy.0 = Release|x86
		{280321A3-FEA2-4624-B93D-22DD93F704B6}.Ad-Hoc|x64.ActiveCfg = Release|x64
		{280321A3-FEA2-4624-B93D-22DD93F704B6}.Ad-Hoc|x64.Build.0 = Release|x64
		{280321A3-FEA2-4624-B93D-22DD93F704B6}.Ad-Hoc|x64.Deploy.0 = Release|x64
		{280321A3-FEA2-4624-B93D-22DD93F704B6}.Ad-Hoc|x86.ActiveCfg = Release|x86
		{280321A3-FEA2-4624-B93D-22DD93F704B6}.Ad-Hoc|x86.Build.0 = Release|x86
		{280321A3-FEA2-4624-B93D-22DD93F704B6}.Ad-Hoc|x86.Deploy.0 = Release|x86
		{280321A3-FEA2-4624-B93D-22DD93F704B6}.AppStore|Any CPU.ActiveCfg = Release|x86
		{280321A3-FEA2-4624-B93D-22DD93F704B6}.AppStore|Any CPU.Build.0 = Release|x86
		{280321A3-FEA2-4624-B93D-22DD93F704B6}.AppStore|Any CPU.Deploy.0 = Release|x86
		{280321A3-FEA2-4624-B93D-22DD93F704B6}.AppStore|ARM.ActiveCfg = Release|ARM
		{280321A3-FEA2-4624-B93D-22DD93F704B6}.AppStore|ARM.Build.0 = Release|ARM
		{280321A3-FEA2-4624-B93D-22DD93F704B6}.AppStore|ARM.Deploy.0 = Release|ARM
		{280321A3-FEA2-4624-B93D-22DD93F704B6}.AppStore|iPhone.ActiveCfg = Release|x86
		{280321A3-FEA2-4624-B93D-22DD93F704B6}.AppStore|iPhone.Build.0 = Release|x86
		{280321A3-FEA2-4624-B93D-22DD93F704B6}.AppStore|iPhone.Deploy.0 = Release|x86
		{280321A3-FEA2-4624-B93D-22DD93F704B6}.AppStore|iPhoneSimulator.ActiveCfg = Release|x86
		{280321A3-FEA2-4624-B93D-22DD93F704B6}.AppStore|iPhoneSimulator.Build.0 = Release|x86
		{280321A3-FEA2-4624-B93D-22DD93F704B6}.AppStore|iPhoneSimulator.Deploy.0 = Release|x86
		{280321A3-FEA2-4624-B93D-22DD93F704B6}.AppStore|x64.ActiveCfg = Release|x64
		{280321A3-FEA2-4624-B93D-22DD93F704B6}.AppStore|x64.Build.0 = Release|x64
		{280321A3-FEA2-4624-B93D-22DD93F704B6}.AppStore|x64.Deploy.0 = Release|x64
		{280321A3-FEA2-4624-B93D-22DD93F704B6}.AppStore|x86.ActiveCfg = Release|x86
		{280321A3-FEA2-4624-B93D-22DD93F704B6}.AppStore|x86.Build.0 = Release|x86
		{280321A3-FEA2-4624-B93D-22DD93F704B6}.AppStore|x86.Deploy.0 = Release|x86
		{280321A3-FEA2-4624-B93D-22DD93F704B6}.Debug|Any CPU.ActiveCfg = Debug|x86
		{280321A3-FEA2-4624-B93D-22DD93F704B6}.Debug|ARM.ActiveCfg = Debug|ARM
		{280321A3-FEA2-4624-B93D-22DD93F704B6}.Debug|ARM.Build.0 = Debug|ARM
		{280321A3-FEA2-4624-B93D-22DD93F704B6}.Debug|ARM.Deploy.0 = Debug|ARM
		{280321A3-FEA2-4624-B93D-22DD93F704B6}.Debug|iPhone.ActiveCfg = Debug|x86
		{280321A3-FEA2-4624-B93D-22DD93F704B6}.Debug|iPhoneSimulator.ActiveCfg = Debug|x86
		{280321A3-FEA2-4624-B93D-22DD93F704B6}.Debug|x64.ActiveCfg = Debug|x64
		{280321A3-FEA2-4624-B93D-22DD93F704B6}.Debug|x64.Build.0 = Debug|x64
		{280321A3-FEA2-4624-B93D-22DD93F704B6}.Debug|x64.Deploy.0 = Debug|x64
		{280321A3-FEA2-4624-B93D-22DD93F704B6}.Debug|x86.ActiveCfg = Debug|x86
		{280321A3-FEA2-4624-B93D-22DD93F704B6}.Debug|x86.Build.0 = Debug|x86
		{280321A3-FEA2-4624-B93D-22DD93F704B6}.Debug|x86.Deploy.0 = Debug|x86
		{280321A3-FEA2-4624-B93D-22DD93F704B6}.Release|Any CPU.ActiveCfg = Release|x86
		{280321A3-FEA2-4624-B93D-22DD93F704B6}.Release|ARM.ActiveCfg = Release|ARM
		{280321A3-FEA2-4624-B93D-22DD93F704B6}.Release|ARM.Build.0 = Release|ARM
		{280321A3-FEA2-4624-B93D-22DD93F704B6}.Release|ARM.Deploy.0 = Release|ARM
		{280321A3-FEA2-4624-B93D-22DD93F704B6}.Release|iPhone.ActiveCfg = Release|x86
		{280321A3-FEA2-4624-B93D-22DD93F704B6}.Release|iPhoneSimulator.ActiveCfg = Release|x86
		{280321A3-FEA2-4624-B93D-22DD93F704B6}.Release|x64.ActiveCfg = Release|x64
		{280321A3-FEA2-4624-B93D-22DD93F704B6}.Release|x64.Build.0 = Release|x64
		{280321A3-FEA2-4624-B93D-22DD93F704B6}.Release|x64.Deploy.0 = Release|x64
		{280321A3-FEA2-4624-B93D-22DD93F704B6}.Release|x86.ActiveCfg = Release|x86
		{280321A3-FEA2-4624-B93D-22DD93F704B6}.Release|x86.Build.0 = Release|x86
		{280321A3-FEA2-4624-B93D-22DD93F704B6}.Release|x86.Deploy.0 = Release|x86
		{7CB2CA7B-D518-4B25-9EC2-CF1F44CB3FBC}.Ad-Hoc|Any CPU.ActiveCfg = Ad-Hoc|iPhone
		{7CB2CA7B-D518-4B25-9EC2-CF1F44CB3FBC}.Ad-Hoc|ARM.ActiveCfg = Ad-Hoc|iPhone
		{7CB2CA7B-D518-4B25-9EC2-CF1F44CB3FBC}.Ad-Hoc|iPhone.ActiveCfg = Ad-Hoc|iPhone
		{7CB2CA7B-D518-4B25-9EC2-CF1F44CB3FBC}.Ad-Hoc|iPhone.Build.0 = Ad-Hoc|iPhone
		{7CB2CA7B-D518-4B25-9EC2-CF1F44CB3FBC}.Ad-Hoc|iPhoneSimulator.ActiveCfg = Ad-Hoc|iPhoneSimulator
		{7CB2CA7B-D518-4B25-9EC2-CF1F44CB3FBC}.Ad-Hoc|iPhoneSimulator.Build.0 = Ad-Hoc|iPhoneSimulator
		{7CB2CA7B-D518-4B25-9EC2-CF1F44CB3FBC}.Ad-Hoc|x64.ActiveCfg = Ad-Hoc|iPhone
		{7CB2CA7B-D518-4B25-9EC2-CF1F44CB3FBC}.Ad-Hoc|x86.ActiveCfg = Ad-Hoc|iPhone
		{7CB2CA7B-D518-4B25-9EC2-CF1F44CB3FBC}.AppStore|Any CPU.ActiveCfg = AppStore|iPhone
		{7CB2CA7B-D518-4B25-9EC2-CF1F44CB3FBC}.AppStore|ARM.ActiveCfg = AppStore|iPhone
		{7CB2CA7B-D518-4B25-9EC2-CF1F44CB3FBC}.AppStore|iPhone.ActiveCfg = AppStore|iPhone
		{7CB2CA7B-D518-4B25-9EC2-CF1F44CB3FBC}.AppStore|iPhone.Build.0 = AppStore|iPhone
		{7CB2CA7B-D518-4B25-9EC2-CF1F44CB3FBC}.AppStore|iPhoneSimulator.ActiveCfg = AppStore|iPhoneSimulator
		{7CB2CA7B-D518-4B25-9EC2-CF1F44CB3FBC}.AppStore|iPhoneSimulator.Build.0 = AppStore|iPhoneSimulator
		{7CB2CA7B-D518-4B25-9EC2-CF1F44CB3FBC}.AppStore|x64.ActiveCfg = AppStore|iPhone
		{7CB2CA7B-D518-4B25-9EC2-CF1F44CB3FBC}.AppStore|x86.ActiveCfg = AppStore|iPhone
		{7CB2CA7B-D518-4B25-9EC2-CF1F44CB3FBC}.Debug|Any CPU.ActiveCfg = Debug|iPhone
		{7CB2CA7B-D518-4B25-9EC2-CF1F44CB3FBC}.Debug|ARM.ActiveCfg = Debug|iPhone
		{7CB2CA7B-D518-4B25-9EC2-CF1F44CB3FBC}.Debug|iPhone.ActiveCfg = Debug|iPhone
		{7CB2CA7B-D518-4B25-9EC2-CF1F44CB3FBC}.Debug|iPhone.Build.0 = Debug|iPhone
		{7CB2CA7B-D518-4B25-9EC2-CF1F44CB3FBC}.Debug|iPhoneSimulator.ActiveCfg = Debug|iPhoneSimulator
		{7CB2CA7B-D518-4B25-9EC2-CF1F44CB3FBC}.Debug|iPhoneSimulator.Build.0 = Debug|iPhoneSimulator
		{7CB2CA7B-D518-4B25-9EC2-CF1F44CB3FBC}.Debug|x64.ActiveCfg = Debug|iPhone
		{7CB2CA7B-D518-4B25-9EC2-CF1F44CB3FBC}.Debug|x86.ActiveCfg = Debug|iPhone
		{7CB2CA7B-D518-4B25-9EC2-CF1F44CB3FBC}.Release|Any CPU.ActiveCfg = Release|iPhone
		{7CB2CA7B-D518-4B25-9EC2-CF1F44CB3FBC}.Release|ARM.ActiveCfg = Release|iPhone
		{7CB2CA7B-D518-4B25-9EC2-CF1F44CB3FBC}.Release|iPhone.ActiveCfg = Release|iPhone
		{7CB2CA7B-D518-4B25-9EC2-CF1F44CB3FBC}.Release|iPhone.Build.0 = Release|iPhone
		{7CB2CA7B-D518-4B25-9EC2-CF1F44CB3FBC}.Release|iPhoneSimulator.ActiveCfg = Release|iPhoneSimulator
		{7CB2CA7B-D518-4B25-9EC2-CF1F44CB3FBC}.Release|iPhoneSimulator.Build.0 = Release|iPhoneSimulator
		{7CB2CA7B-D518-4B25-9EC2-CF1F44CB3FBC}.Release|x64.ActiveCfg = Release|iPhone
		{7CB2CA7B-D518-4B25-9EC2-CF1F44CB3FBC}.Release|x86.ActiveCfg = Release|iPhone
		{8AE98494-5793-42B5-B3B8-F8CC1DC5A01F}.Ad-Hoc|Any CPU.ActiveCfg = Release|Any CPU
		{8AE98494-5793-42B5-B3B8-F8CC1DC5A01F}.Ad-Hoc|Any CPU.Build.0 = Release|Any CPU
		{8AE98494-5793-42B5-B3B8-F8CC1DC5A01F}.Ad-Hoc|Any CPU.Deploy.0 = Release|Any CPU
		{8AE98494-5793-42B5-B3B8-F8CC1DC5A01F}.Ad-Hoc|ARM.ActiveCfg = Release|Any CPU
		{8AE98494-5793-42B5-B3B8-F8CC1DC5A01F}.Ad-Hoc|ARM.Build.0 = Release|Any CPU
		{8AE98494-5793-42B5-B3B8-F8CC1DC5A01F}.Ad-Hoc|ARM.Deploy.0 = Release|Any CPU
		{8AE98494-5793-42B5-B3B8-F8CC1DC5A01F}.Ad-Hoc|iPhone.ActiveCfg = Release|Any CPU
		{8AE98494-5793-42B5-B3B8-F8CC1DC5A01F}.Ad-Hoc|iPhone.Build.0 = Release|Any CPU
		{8AE98494-5793-42B5-B3B8-F8CC1DC5A01F}.Ad-Hoc|iPhone.Deploy.0 = Release|Any CPU
		{8AE98494-5793-42B5-B3B8-F8CC1DC5A01F}.Ad-Hoc|iPhoneSimulator.ActiveCfg = Release|Any CPU
		{8AE98494-5793-42B5-B3B8-F8CC1DC5A01F}.Ad-Hoc|iPhoneSimulator.Build.0 = Release|Any CPU
		{8AE98494-5793-42B5-B3B8-F8CC1DC5A01F}.Ad-Hoc|iPhoneSimulator.Deploy.0 = Release|Any CPU
		{8AE98494-5793-42B5-B3B8-F8CC1DC5A01F}.Ad-Hoc|x64.ActiveCfg = Release|Any CPU
		{8AE98494-5793-42B5-B3B8-F8CC1DC5A01F}.Ad-Hoc|x64.Build.0 = Release|Any CPU
		{8AE98494-5793-42B5-B3B8-F8CC1DC5A01F}.Ad-Hoc|x64.Deploy.0 = Release|Any CPU
		{8AE98494-5793-42B5-B3B8-F8CC1DC5A01F}.Ad-Hoc|x86.ActiveCfg = Release|Any CPU
		{8AE98494-5793-42B5-B3B8-F8CC1DC5A01F}.Ad-Hoc|x86.Build.0 = Release|Any CPU
		{8AE98494-5793-42B5-B3B8-F8CC1DC5A01F}.Ad-Hoc|x86.Deploy.0 = Release|Any CPU
		{8AE98494-5793-42B5-B3B8-F8CC1DC5A01F}.AppStore|Any CPU.ActiveCfg = Release|Any CPU
		{8AE98494-5793-42B5-B3B8-F8CC1DC5A01F}.AppStore|Any CPU.Build.0 = Release|Any CPU
		{8AE98494-5793-42B5-B3B8-F8CC1DC5A01F}.AppStore|Any CPU.Deploy.0 = Release|Any CPU
		{8AE98494-5793-42B5-B3B8-F8CC1DC5A01F}.AppStore|ARM.ActiveCfg = Release|Any CPU
		{8AE98494-5793-42B5-B3B8-F8CC1DC5A01F}.AppStore|ARM.Build.0 = Release|Any CPU
		{8AE98494-5793-42B5-B3B8-F8CC1DC5A01F}.AppStore|ARM.Deploy.0 = Release|Any CPU
		{8AE98494-5793-42B5-B3B8-F8CC1DC5A01F}.AppStore|iPhone.ActiveCfg = Release|Any CPU
		{8AE98494-5793-42B5-B3B8-F8CC1DC5A01F}.AppStore|iPhone.Build.0 = Release|Any CPU
		{8AE98494-5793-42B5-B3B8-F8CC1DC5A01F}.AppStore|iPhone.Deploy.0 = Release|Any CPU
		{8AE98494-5793-42B5-B3B8-F8CC1DC5A01F}.AppStore|iPhoneSimulator.ActiveCfg = Release|Any CPU
		{8AE98494-5793-42B5-B3B8-F8CC1DC5A01F}.AppStore|iPhoneSimulator.Build.0 = Release|Any CPU
		{8AE98494-5793-42B5-B3B8-F8CC1DC5A01F}.AppStore|iPhoneSimulator.Deploy.0 = Release|Any CPU
		{8AE98494-5793-42B5-B3B8-F8CC1DC5A01F}.AppStore|x64.ActiveCfg = Release|Any CPU
		{8AE98494-5793-42B5-B3B8-F8CC1DC5A01F}.AppStore|x64.Build.0 = Release|Any CPU
		{8AE98494-5793-42B5-B3B8-F8CC1DC5A01F}.AppStore|x64.Deploy.0 = Release|Any CPU
		{8AE98494-5793-42B5-B3B8-F8CC1DC5A01F}.AppStore|x86.ActiveCfg = Release|Any CPU
		{8AE98494-5793-42B5-B3B8-F8CC1DC5A01F}.AppStore|x86.Build.0 = Release|Any CPU
		{8AE98494-5793-42B5-B3B8-F8CC1DC5A01F}.AppStore|x86.Deploy.0 = Release|Any CPU
		{8AE98494-5793-42B5-B3B8-F8CC1DC5A01F}.Debug|Any CPU.ActiveCfg = Debug|Any CPU
		{8AE98494-5793-42B5-B3B8-F8CC1DC5A01F}.Debug|Any CPU.Build.0 = Debug|Any CPU
		{8AE98494-5793-42B5-B3B8-F8CC1DC5A01F}.Debug|Any CPU.Deploy.0 = Debug|Any CPU
		{8AE98494-5793-42B5-B3B8-F8CC1DC5A01F}.Debug|ARM.ActiveCfg = Debug|Any CPU
		{8AE98494-5793-42B5-B3B8-F8CC1DC5A01F}.Debug|ARM.Build.0 = Debug|Any CPU
		{8AE98494-5793-42B5-B3B8-F8CC1DC5A01F}.Debug|ARM.Deploy.0 = Debug|Any CPU
		{8AE98494-5793-42B5-B3B8-F8CC1DC5A01F}.Debug|iPhone.ActiveCfg = Debug|Any CPU
		{8AE98494-5793-42B5-B3B8-F8CC1DC5A01F}.Debug|iPhone.Build.0 = Debug|Any CPU
		{8AE98494-5793-42B5-B3B8-F8CC1DC5A01F}.Debug|iPhone.Deploy.0 = Debug|Any CPU
		{8AE98494-5793-42B5-B3B8-F8CC1DC5A01F}.Debug|iPhoneSimulator.ActiveCfg = Debug|Any CPU
		{8AE98494-5793-42B5-B3B8-F8CC1DC5A01F}.Debug|iPhoneSimulator.Build.0 = Debug|Any CPU
		{8AE98494-5793-42B5-B3B8-F8CC1DC5A01F}.Debug|iPhoneSimulator.Deploy.0 = Debug|Any CPU
		{8AE98494-5793-42B5-B3B8-F8CC1DC5A01F}.Debug|x64.ActiveCfg = Debug|Any CPU
		{8AE98494-5793-42B5-B3B8-F8CC1DC5A01F}.Debug|x64.Build.0 = Debug|Any CPU
		{8AE98494-5793-42B5-B3B8-F8CC1DC5A01F}.Debug|x64.Deploy.0 = Debug|Any CPU
		{8AE98494-5793-42B5-B3B8-F8CC1DC5A01F}.Debug|x86.ActiveCfg = Debug|Any CPU
		{8AE98494-5793-42B5-B3B8-F8CC1DC5A01F}.Debug|x86.Build.0 = Debug|Any CPU
		{8AE98494-5793-42B5-B3B8-F8CC1DC5A01F}.Debug|x86.Deploy.0 = Debug|Any CPU
		{8AE98494-5793-42B5-B3B8-F8CC1DC5A01F}.Release|Any CPU.ActiveCfg = Release|Any CPU
		{8AE98494-5793-42B5-B3B8-F8CC1DC5A01F}.Release|Any CPU.Build.0 = Release|Any CPU
		{8AE98494-5793-42B5-B3B8-F8CC1DC5A01F}.Release|Any CPU.Deploy.0 = Release|Any CPU
		{8AE98494-5793-42B5-B3B8-F8CC1DC5A01F}.Release|ARM.ActiveCfg = Release|Any CPU
		{8AE98494-5793-42B5-B3B8-F8CC1DC5A01F}.Release|ARM.Build.0 = Release|Any CPU
		{8AE98494-5793-42B5-B3B8-F8CC1DC5A01F}.Release|ARM.Deploy.0 = Release|Any CPU
		{8AE98494-5793-42B5-B3B8-F8CC1DC5A01F}.Release|iPhone.ActiveCfg = Release|Any CPU
		{8AE98494-5793-42B5-B3B8-F8CC1DC5A01F}.Release|iPhone.Build.0 = Release|Any CPU
		{8AE98494-5793-42B5-B3B8-F8CC1DC5A01F}.Release|iPhone.Deploy.0 = Release|Any CPU
		{8AE98494-5793-42B5-B3B8-F8CC1DC5A01F}.Release|iPhoneSimulator.ActiveCfg = Release|Any CPU
		{8AE98494-5793-42B5-B3B8-F8CC1DC5A01F}.Release|iPhoneSimulator.Build.0 = Release|Any CPU
		{8AE98494-5793-42B5-B3B8-F8CC1DC5A01F}.Release|iPhoneSimulator.Deploy.0 = Release|Any CPU
		{8AE98494-5793-42B5-B3B8-F8CC1DC5A01F}.Release|x64.ActiveCfg = Release|Any CPU
		{8AE98494-5793-42B5-B3B8-F8CC1DC5A01F}.Release|x64.Build.0 = Release|Any CPU
		{8AE98494-5793-42B5-B3B8-F8CC1DC5A01F}.Release|x64.Deploy.0 = Release|Any CPU
		{8AE98494-5793-42B5-B3B8-F8CC1DC5A01F}.Release|x86.ActiveCfg = Release|Any CPU
		{8AE98494-5793-42B5-B3B8-F8CC1DC5A01F}.Release|x86.Build.0 = Release|Any CPU
		{8AE98494-5793-42B5-B3B8-F8CC1DC5A01F}.Release|x86.Deploy.0 = Release|Any CPU
		{EBD045B3-4802-4418-A9A7-15910CBBC0C1}.Ad-Hoc|Any CPU.ActiveCfg = Release|Any CPU
		{EBD045B3-4802-4418-A9A7-15910CBBC0C1}.Ad-Hoc|Any CPU.Build.0 = Release|Any CPU
		{EBD045B3-4802-4418-A9A7-15910CBBC0C1}.Ad-Hoc|ARM.ActiveCfg = Release|Any CPU
		{EBD045B3-4802-4418-A9A7-15910CBBC0C1}.Ad-Hoc|ARM.Build.0 = Release|Any CPU
		{EBD045B3-4802-4418-A9A7-15910CBBC0C1}.Ad-Hoc|iPhone.ActiveCfg = Release|Any CPU
		{EBD045B3-4802-4418-A9A7-15910CBBC0C1}.Ad-Hoc|iPhone.Build.0 = Release|Any CPU
		{EBD045B3-4802-4418-A9A7-15910CBBC0C1}.Ad-Hoc|iPhoneSimulator.ActiveCfg = Release|Any CPU
		{EBD045B3-4802-4418-A9A7-15910CBBC0C1}.Ad-Hoc|iPhoneSimulator.Build.0 = Release|Any CPU
		{EBD045B3-4802-4418-A9A7-15910CBBC0C1}.Ad-Hoc|x64.ActiveCfg = Release|Any CPU
		{EBD045B3-4802-4418-A9A7-15910CBBC0C1}.Ad-Hoc|x64.Build.0 = Release|Any CPU
		{EBD045B3-4802-4418-A9A7-15910CBBC0C1}.Ad-Hoc|x86.ActiveCfg = Release|Any CPU
		{EBD045B3-4802-4418-A9A7-15910CBBC0C1}.Ad-Hoc|x86.Build.0 = Release|Any CPU
		{EBD045B3-4802-4418-A9A7-15910CBBC0C1}.AppStore|Any CPU.ActiveCfg = Release|Any CPU
		{EBD045B3-4802-4418-A9A7-15910CBBC0C1}.AppStore|Any CPU.Build.0 = Release|Any CPU
		{EBD045B3-4802-4418-A9A7-15910CBBC0C1}.AppStore|ARM.ActiveCfg = Release|Any CPU
		{EBD045B3-4802-4418-A9A7-15910CBBC0C1}.AppStore|ARM.Build.0 = Release|Any CPU
		{EBD045B3-4802-4418-A9A7-15910CBBC0C1}.AppStore|iPhone.ActiveCfg = Release|Any CPU
		{EBD045B3-4802-4418-A9A7-15910CBBC0C1}.AppStore|iPhone.Build.0 = Release|Any CPU
		{EBD045B3-4802-4418-A9A7-15910CBBC0C1}.AppStore|iPhoneSimulator.ActiveCfg = Release|Any CPU
		{EBD045B3-4802-4418-A9A7-15910CBBC0C1}.AppStore|iPhoneSimulator.Build.0 = Release|Any CPU
		{EBD045B3-4802-4418-A9A7-15910CBBC0C1}.AppStore|x64.ActiveCfg = Release|Any CPU
		{EBD045B3-4802-4418-A9A7-15910CBBC0C1}.AppStore|x64.Build.0 = Release|Any CPU
		{EBD045B3-4802-4418-A9A7-15910CBBC0C1}.AppStore|x86.ActiveCfg = Release|Any CPU
		{EBD045B3-4802-4418-A9A7-15910CBBC0C1}.AppStore|x86.Build.0 = Release|Any CPU
		{EBD045B3-4802-4418-A9A7-15910CBBC0C1}.Debug|Any CPU.ActiveCfg = Debug|Any CPU
		{EBD045B3-4802-4418-A9A7-15910CBBC0C1}.Debug|Any CPU.Build.0 = Debug|Any CPU
		{EBD045B3-4802-4418-A9A7-15910CBBC0C1}.Debug|ARM.ActiveCfg = Debug|Any CPU
		{EBD045B3-4802-4418-A9A7-15910CBBC0C1}.Debug|ARM.Build.0 = Debug|Any CPU
		{EBD045B3-4802-4418-A9A7-15910CBBC0C1}.Debug|iPhone.ActiveCfg = Debug|Any CPU
		{EBD045B3-4802-4418-A9A7-15910CBBC0C1}.Debug|iPhone.Build.0 = Debug|Any CPU
		{EBD045B3-4802-4418-A9A7-15910CBBC0C1}.Debug|iPhoneSimulator.ActiveCfg = Debug|Any CPU
		{EBD045B3-4802-4418-A9A7-15910CBBC0C1}.Debug|iPhoneSimulator.Build.0 = Debug|Any CPU
		{EBD045B3-4802-4418-A9A7-15910CBBC0C1}.Debug|x64.ActiveCfg = Debug|Any CPU
		{EBD045B3-4802-4418-A9A7-15910CBBC0C1}.Debug|x64.Build.0 = Debug|Any CPU
		{EBD045B3-4802-4418-A9A7-15910CBBC0C1}.Debug|x86.ActiveCfg = Debug|Any CPU
		{EBD045B3-4802-4418-A9A7-15910CBBC0C1}.Debug|x86.Build.0 = Debug|Any CPU
		{EBD045B3-4802-4418-A9A7-15910CBBC0C1}.Release|Any CPU.ActiveCfg = Release|Any CPU
		{EBD045B3-4802-4418-A9A7-15910CBBC0C1}.Release|Any CPU.Build.0 = Release|Any CPU
		{EBD045B3-4802-4418-A9A7-15910CBBC0C1}.Release|ARM.ActiveCfg = Release|Any CPU
		{EBD045B3-4802-4418-A9A7-15910CBBC0C1}.Release|ARM.Build.0 = Release|Any CPU
		{EBD045B3-4802-4418-A9A7-15910CBBC0C1}.Release|iPhone.ActiveCfg = Release|Any CPU
		{EBD045B3-4802-4418-A9A7-15910CBBC0C1}.Release|iPhone.Build.0 = Release|Any CPU
		{EBD045B3-4802-4418-A9A7-15910CBBC0C1}.Release|iPhoneSimulator.ActiveCfg = Release|Any CPU
		{EBD045B3-4802-4418-A9A7-15910CBBC0C1}.Release|iPhoneSimulator.Build.0 = Release|Any CPU
		{EBD045B3-4802-4418-A9A7-15910CBBC0C1}.Release|x64.ActiveCfg = Release|Any CPU
		{EBD045B3-4802-4418-A9A7-15910CBBC0C1}.Release|x64.Build.0 = Release|Any CPU
		{EBD045B3-4802-4418-A9A7-15910CBBC0C1}.Release|x86.ActiveCfg = Release|Any CPU
		{EBD045B3-4802-4418-A9A7-15910CBBC0C1}.Release|x86.Build.0 = Release|Any CPU
		{667364A6-0254-483B-8F3E-6CD37D674CFA}.Ad-Hoc|Any CPU.ActiveCfg = Release|x86
		{667364A6-0254-483B-8F3E-6CD37D674CFA}.Ad-Hoc|Any CPU.Build.0 = Release|x86
		{667364A6-0254-483B-8F3E-6CD37D674CFA}.Ad-Hoc|Any CPU.Deploy.0 = Release|x86
		{667364A6-0254-483B-8F3E-6CD37D674CFA}.Ad-Hoc|ARM.ActiveCfg = Release|ARM
		{667364A6-0254-483B-8F3E-6CD37D674CFA}.Ad-Hoc|ARM.Build.0 = Release|ARM
		{667364A6-0254-483B-8F3E-6CD37D674CFA}.Ad-Hoc|ARM.Deploy.0 = Release|ARM
		{667364A6-0254-483B-8F3E-6CD37D674CFA}.Ad-Hoc|iPhone.ActiveCfg = Release|x86
		{667364A6-0254-483B-8F3E-6CD37D674CFA}.Ad-Hoc|iPhone.Build.0 = Release|x86
		{667364A6-0254-483B-8F3E-6CD37D674CFA}.Ad-Hoc|iPhone.Deploy.0 = Release|x86
		{667364A6-0254-483B-8F3E-6CD37D674CFA}.Ad-Hoc|iPhoneSimulator.ActiveCfg = Release|x86
		{667364A6-0254-483B-8F3E-6CD37D674CFA}.Ad-Hoc|iPhoneSimulator.Build.0 = Release|x86
		{667364A6-0254-483B-8F3E-6CD37D674CFA}.Ad-Hoc|iPhoneSimulator.Deploy.0 = Release|x86
		{667364A6-0254-483B-8F3E-6CD37D674CFA}.Ad-Hoc|x64.ActiveCfg = Release|x64
		{667364A6-0254-483B-8F3E-6CD37D674CFA}.Ad-Hoc|x64.Build.0 = Release|x64
		{667364A6-0254-483B-8F3E-6CD37D674CFA}.Ad-Hoc|x64.Deploy.0 = Release|x64
		{667364A6-0254-483B-8F3E-6CD37D674CFA}.Ad-Hoc|x86.ActiveCfg = Release|x86
		{667364A6-0254-483B-8F3E-6CD37D674CFA}.Ad-Hoc|x86.Build.0 = Release|x86
		{667364A6-0254-483B-8F3E-6CD37D674CFA}.Ad-Hoc|x86.Deploy.0 = Release|x86
		{667364A6-0254-483B-8F3E-6CD37D674CFA}.AppStore|Any CPU.ActiveCfg = Release|x86
		{667364A6-0254-483B-8F3E-6CD37D674CFA}.AppStore|Any CPU.Build.0 = Release|x86
		{667364A6-0254-483B-8F3E-6CD37D674CFA}.AppStore|Any CPU.Deploy.0 = Release|x86
		{667364A6-0254-483B-8F3E-6CD37D674CFA}.AppStore|ARM.ActiveCfg = Release|ARM
		{667364A6-0254-483B-8F3E-6CD37D674CFA}.AppStore|ARM.Build.0 = Release|ARM
		{667364A6-0254-483B-8F3E-6CD37D674CFA}.AppStore|ARM.Deploy.0 = Release|ARM
		{667364A6-0254-483B-8F3E-6CD37D674CFA}.AppStore|iPhone.ActiveCfg = Release|x86
		{667364A6-0254-483B-8F3E-6CD37D674CFA}.AppStore|iPhone.Build.0 = Release|x86
		{667364A6-0254-483B-8F3E-6CD37D674CFA}.AppStore|iPhone.Deploy.0 = Release|x86
		{667364A6-0254-483B-8F3E-6CD37D674CFA}.AppStore|iPhoneSimulator.ActiveCfg = Release|x86
		{667364A6-0254-483B-8F3E-6CD37D674CFA}.AppStore|iPhoneSimulator.Build.0 = Release|x86
		{667364A6-0254-483B-8F3E-6CD37D674CFA}.AppStore|iPhoneSimulator.Deploy.0 = Release|x86
		{667364A6-0254-483B-8F3E-6CD37D674CFA}.AppStore|x64.ActiveCfg = Release|x64
		{667364A6-0254-483B-8F3E-6CD37D674CFA}.AppStore|x64.Build.0 = Release|x64
		{667364A6-0254-483B-8F3E-6CD37D674CFA}.AppStore|x64.Deploy.0 = Release|x64
		{667364A6-0254-483B-8F3E-6CD37D674CFA}.AppStore|x86.ActiveCfg = Release|x86
		{667364A6-0254-483B-8F3E-6CD37D674CFA}.AppStore|x86.Build.0 = Release|x86
		{667364A6-0254-483B-8F3E-6CD37D674CFA}.AppStore|x86.Deploy.0 = Release|x86
		{667364A6-0254-483B-8F3E-6CD37D674CFA}.Debug|Any CPU.ActiveCfg = Debug|x86
		{667364A6-0254-483B-8F3E-6CD37D674CFA}.Debug|ARM.ActiveCfg = Debug|ARM
		{667364A6-0254-483B-8F3E-6CD37D674CFA}.Debug|ARM.Build.0 = Debug|ARM
		{667364A6-0254-483B-8F3E-6CD37D674CFA}.Debug|ARM.Deploy.0 = Debug|ARM
		{667364A6-0254-483B-8F3E-6CD37D674CFA}.Debug|iPhone.ActiveCfg = Debug|x86
		{667364A6-0254-483B-8F3E-6CD37D674CFA}.Debug|iPhoneSimulator.ActiveCfg = Debug|x86
		{667364A6-0254-483B-8F3E-6CD37D674CFA}.Debug|x64.ActiveCfg = Debug|x64
		{667364A6-0254-483B-8F3E-6CD37D674CFA}.Debug|x64.Build.0 = Debug|x64
		{667364A6-0254-483B-8F3E-6CD37D674CFA}.Debug|x64.Deploy.0 = Debug|x64
		{667364A6-0254-483B-8F3E-6CD37D674CFA}.Debug|x86.ActiveCfg = Debug|x86
		{667364A6-0254-483B-8F3E-6CD37D674CFA}.Debug|x86.Build.0 = Debug|x86
		{667364A6-0254-483B-8F3E-6CD37D674CFA}.Debug|x86.Deploy.0 = Debug|x86
		{667364A6-0254-483B-8F3E-6CD37D674CFA}.Release|Any CPU.ActiveCfg = Release|x86
		{667364A6-0254-483B-8F3E-6CD37D674CFA}.Release|ARM.ActiveCfg = Release|ARM
		{667364A6-0254-483B-8F3E-6CD37D674CFA}.Release|ARM.Build.0 = Release|ARM
		{667364A6-0254-483B-8F3E-6CD37D674CFA}.Release|ARM.Deploy.0 = Release|ARM
		{667364A6-0254-483B-8F3E-6CD37D674CFA}.Release|iPhone.ActiveCfg = Release|x86
		{667364A6-0254-483B-8F3E-6CD37D674CFA}.Release|iPhoneSimulator.ActiveCfg = Release|x86
		{667364A6-0254-483B-8F3E-6CD37D674CFA}.Release|x64.ActiveCfg = Release|x64
		{667364A6-0254-483B-8F3E-6CD37D674CFA}.Release|x64.Build.0 = Release|x64
		{667364A6-0254-483B-8F3E-6CD37D674CFA}.Release|x64.Deploy.0 = Release|x64
		{667364A6-0254-483B-8F3E-6CD37D674CFA}.Release|x86.ActiveCfg = Release|x86
		{667364A6-0254-483B-8F3E-6CD37D674CFA}.Release|x86.Build.0 = Release|x86
		{667364A6-0254-483B-8F3E-6CD37D674CFA}.Release|x86.Deploy.0 = Release|x86
		{7D0843D2-A3DF-4820-90BE-F3AB2A67E931}.Ad-Hoc|Any CPU.ActiveCfg = Ad-Hoc|iPhone
		{7D0843D2-A3DF-4820-90BE-F3AB2A67E931}.Ad-Hoc|ARM.ActiveCfg = Ad-Hoc|iPhone
		{7D0843D2-A3DF-4820-90BE-F3AB2A67E931}.Ad-Hoc|iPhone.ActiveCfg = Ad-Hoc|iPhone
		{7D0843D2-A3DF-4820-90BE-F3AB2A67E931}.Ad-Hoc|iPhone.Build.0 = Ad-Hoc|iPhone
		{7D0843D2-A3DF-4820-90BE-F3AB2A67E931}.Ad-Hoc|iPhoneSimulator.ActiveCfg = Ad-Hoc|iPhoneSimulator
		{7D0843D2-A3DF-4820-90BE-F3AB2A67E931}.Ad-Hoc|iPhoneSimulator.Build.0 = Ad-Hoc|iPhoneSimulator
		{7D0843D2-A3DF-4820-90BE-F3AB2A67E931}.Ad-Hoc|x64.ActiveCfg = Ad-Hoc|iPhone
		{7D0843D2-A3DF-4820-90BE-F3AB2A67E931}.Ad-Hoc|x86.ActiveCfg = Ad-Hoc|iPhone
		{7D0843D2-A3DF-4820-90BE-F3AB2A67E931}.AppStore|Any CPU.ActiveCfg = AppStore|iPhone
		{7D0843D2-A3DF-4820-90BE-F3AB2A67E931}.AppStore|ARM.ActiveCfg = AppStore|iPhone
		{7D0843D2-A3DF-4820-90BE-F3AB2A67E931}.AppStore|iPhone.ActiveCfg = AppStore|iPhone
		{7D0843D2-A3DF-4820-90BE-F3AB2A67E931}.AppStore|iPhone.Build.0 = AppStore|iPhone
		{7D0843D2-A3DF-4820-90BE-F3AB2A67E931}.AppStore|iPhoneSimulator.ActiveCfg = AppStore|iPhoneSimulator
		{7D0843D2-A3DF-4820-90BE-F3AB2A67E931}.AppStore|iPhoneSimulator.Build.0 = AppStore|iPhoneSimulator
		{7D0843D2-A3DF-4820-90BE-F3AB2A67E931}.AppStore|x64.ActiveCfg = AppStore|iPhone
		{7D0843D2-A3DF-4820-90BE-F3AB2A67E931}.AppStore|x86.ActiveCfg = AppStore|iPhone
		{7D0843D2-A3DF-4820-90BE-F3AB2A67E931}.Debug|Any CPU.ActiveCfg = Debug|iPhone
		{7D0843D2-A3DF-4820-90BE-F3AB2A67E931}.Debug|ARM.ActiveCfg = Debug|iPhone
		{7D0843D2-A3DF-4820-90BE-F3AB2A67E931}.Debug|iPhone.ActiveCfg = Debug|iPhone
		{7D0843D2-A3DF-4820-90BE-F3AB2A67E931}.Debug|iPhone.Build.0 = Debug|iPhone
		{7D0843D2-A3DF-4820-90BE-F3AB2A67E931}.Debug|iPhoneSimulator.ActiveCfg = Debug|iPhoneSimulator
		{7D0843D2-A3DF-4820-90BE-F3AB2A67E931}.Debug|iPhoneSimulator.Build.0 = Debug|iPhoneSimulator
		{7D0843D2-A3DF-4820-90BE-F3AB2A67E931}.Debug|x64.ActiveCfg = Debug|iPhone
		{7D0843D2-A3DF-4820-90BE-F3AB2A67E931}.Debug|x86.ActiveCfg = Debug|iPhone
		{7D0843D2-A3DF-4820-90BE-F3AB2A67E931}.Release|Any CPU.ActiveCfg = Release|iPhone
		{7D0843D2-A3DF-4820-90BE-F3AB2A67E931}.Release|ARM.ActiveCfg = Release|iPhone
		{7D0843D2-A3DF-4820-90BE-F3AB2A67E931}.Release|iPhone.ActiveCfg = Release|iPhone
		{7D0843D2-A3DF-4820-90BE-F3AB2A67E931}.Release|iPhone.Build.0 = Release|iPhone
		{7D0843D2-A3DF-4820-90BE-F3AB2A67E931}.Release|iPhoneSimulator.ActiveCfg = Release|iPhoneSimulator
		{7D0843D2-A3DF-4820-90BE-F3AB2A67E931}.Release|iPhoneSimulator.Build.0 = Release|iPhoneSimulator
		{7D0843D2-A3DF-4820-90BE-F3AB2A67E931}.Release|x64.ActiveCfg = Release|iPhone
		{7D0843D2-A3DF-4820-90BE-F3AB2A67E931}.Release|x86.ActiveCfg = Release|iPhone
		{3429534F-25A3-402B-94C1-B07ECC1E9B0C}.Ad-Hoc|Any CPU.ActiveCfg = Release|Any CPU
		{3429534F-25A3-402B-94C1-B07ECC1E9B0C}.Ad-Hoc|Any CPU.Build.0 = Release|Any CPU
		{3429534F-25A3-402B-94C1-B07ECC1E9B0C}.Ad-Hoc|Any CPU.Deploy.0 = Release|Any CPU
		{3429534F-25A3-402B-94C1-B07ECC1E9B0C}.Ad-Hoc|ARM.ActiveCfg = Release|Any CPU
		{3429534F-25A3-402B-94C1-B07ECC1E9B0C}.Ad-Hoc|ARM.Build.0 = Release|Any CPU
		{3429534F-25A3-402B-94C1-B07ECC1E9B0C}.Ad-Hoc|ARM.Deploy.0 = Release|Any CPU
		{3429534F-25A3-402B-94C1-B07ECC1E9B0C}.Ad-Hoc|iPhone.ActiveCfg = Release|Any CPU
		{3429534F-25A3-402B-94C1-B07ECC1E9B0C}.Ad-Hoc|iPhone.Build.0 = Release|Any CPU
		{3429534F-25A3-402B-94C1-B07ECC1E9B0C}.Ad-Hoc|iPhone.Deploy.0 = Release|Any CPU
		{3429534F-25A3-402B-94C1-B07ECC1E9B0C}.Ad-Hoc|iPhoneSimulator.ActiveCfg = Release|Any CPU
		{3429534F-25A3-402B-94C1-B07ECC1E9B0C}.Ad-Hoc|iPhoneSimulator.Build.0 = Release|Any CPU
		{3429534F-25A3-402B-94C1-B07ECC1E9B0C}.Ad-Hoc|iPhoneSimulator.Deploy.0 = Release|Any CPU
		{3429534F-25A3-402B-94C1-B07ECC1E9B0C}.Ad-Hoc|x64.ActiveCfg = Release|Any CPU
		{3429534F-25A3-402B-94C1-B07ECC1E9B0C}.Ad-Hoc|x64.Build.0 = Release|Any CPU
		{3429534F-25A3-402B-94C1-B07ECC1E9B0C}.Ad-Hoc|x64.Deploy.0 = Release|Any CPU
		{3429534F-25A3-402B-94C1-B07ECC1E9B0C}.Ad-Hoc|x86.ActiveCfg = Release|Any CPU
		{3429534F-25A3-402B-94C1-B07ECC1E9B0C}.Ad-Hoc|x86.Build.0 = Release|Any CPU
		{3429534F-25A3-402B-94C1-B07ECC1E9B0C}.Ad-Hoc|x86.Deploy.0 = Release|Any CPU
		{3429534F-25A3-402B-94C1-B07ECC1E9B0C}.AppStore|Any CPU.ActiveCfg = Release|Any CPU
		{3429534F-25A3-402B-94C1-B07ECC1E9B0C}.AppStore|Any CPU.Build.0 = Release|Any CPU
		{3429534F-25A3-402B-94C1-B07ECC1E9B0C}.AppStore|Any CPU.Deploy.0 = Release|Any CPU
		{3429534F-25A3-402B-94C1-B07ECC1E9B0C}.AppStore|ARM.ActiveCfg = Release|Any CPU
		{3429534F-25A3-402B-94C1-B07ECC1E9B0C}.AppStore|ARM.Build.0 = Release|Any CPU
		{3429534F-25A3-402B-94C1-B07ECC1E9B0C}.AppStore|ARM.Deploy.0 = Release|Any CPU
		{3429534F-25A3-402B-94C1-B07ECC1E9B0C}.AppStore|iPhone.ActiveCfg = Release|Any CPU
		{3429534F-25A3-402B-94C1-B07ECC1E9B0C}.AppStore|iPhone.Build.0 = Release|Any CPU
		{3429534F-25A3-402B-94C1-B07ECC1E9B0C}.AppStore|iPhone.Deploy.0 = Release|Any CPU
		{3429534F-25A3-402B-94C1-B07ECC1E9B0C}.AppStore|iPhoneSimulator.ActiveCfg = Release|Any CPU
		{3429534F-25A3-402B-94C1-B07ECC1E9B0C}.AppStore|iPhoneSimulator.Build.0 = Release|Any CPU
		{3429534F-25A3-402B-94C1-B07ECC1E9B0C}.AppStore|iPhoneSimulator.Deploy.0 = Release|Any CPU
		{3429534F-25A3-402B-94C1-B07ECC1E9B0C}.AppStore|x64.ActiveCfg = Release|Any CPU
		{3429534F-25A3-402B-94C1-B07ECC1E9B0C}.AppStore|x64.Build.0 = Release|Any CPU
		{3429534F-25A3-402B-94C1-B07ECC1E9B0C}.AppStore|x64.Deploy.0 = Release|Any CPU
		{3429534F-25A3-402B-94C1-B07ECC1E9B0C}.AppStore|x86.ActiveCfg = Release|Any CPU
		{3429534F-25A3-402B-94C1-B07ECC1E9B0C}.AppStore|x86.Build.0 = Release|Any CPU
		{3429534F-25A3-402B-94C1-B07ECC1E9B0C}.AppStore|x86.Deploy.0 = Release|Any CPU
		{3429534F-25A3-402B-94C1-B07ECC1E9B0C}.Debug|Any CPU.ActiveCfg = Debug|Any CPU
		{3429534F-25A3-402B-94C1-B07ECC1E9B0C}.Debug|Any CPU.Build.0 = Debug|Any CPU
		{3429534F-25A3-402B-94C1-B07ECC1E9B0C}.Debug|Any CPU.Deploy.0 = Debug|Any CPU
		{3429534F-25A3-402B-94C1-B07ECC1E9B0C}.Debug|ARM.ActiveCfg = Debug|Any CPU
		{3429534F-25A3-402B-94C1-B07ECC1E9B0C}.Debug|ARM.Build.0 = Debug|Any CPU
		{3429534F-25A3-402B-94C1-B07ECC1E9B0C}.Debug|ARM.Deploy.0 = Debug|Any CPU
		{3429534F-25A3-402B-94C1-B07ECC1E9B0C}.Debug|iPhone.ActiveCfg = Debug|Any CPU
		{3429534F-25A3-402B-94C1-B07ECC1E9B0C}.Debug|iPhone.Build.0 = Debug|Any CPU
		{3429534F-25A3-402B-94C1-B07ECC1E9B0C}.Debug|iPhone.Deploy.0 = Debug|Any CPU
		{3429534F-25A3-402B-94C1-B07ECC1E9B0C}.Debug|iPhoneSimulator.ActiveCfg = Debug|Any CPU
		{3429534F-25A3-402B-94C1-B07ECC1E9B0C}.Debug|iPhoneSimulator.Build.0 = Debug|Any CPU
		{3429534F-25A3-402B-94C1-B07ECC1E9B0C}.Debug|iPhoneSimulator.Deploy.0 = Debug|Any CPU
		{3429534F-25A3-402B-94C1-B07ECC1E9B0C}.Debug|x64.ActiveCfg = Debug|Any CPU
		{3429534F-25A3-402B-94C1-B07ECC1E9B0C}.Debug|x64.Build.0 = Debug|Any CPU
		{3429534F-25A3-402B-94C1-B07ECC1E9B0C}.Debug|x64.Deploy.0 = Debug|Any CPU
		{3429534F-25A3-402B-94C1-B07ECC1E9B0C}.Debug|x86.ActiveCfg = Debug|Any CPU
		{3429534F-25A3-402B-94C1-B07ECC1E9B0C}.Debug|x86.Build.0 = Debug|Any CPU
		{3429534F-25A3-402B-94C1-B07ECC1E9B0C}.Debug|x86.Deploy.0 = Debug|Any CPU
		{3429534F-25A3-402B-94C1-B07ECC1E9B0C}.Release|Any CPU.ActiveCfg = Release|Any CPU
		{3429534F-25A3-402B-94C1-B07ECC1E9B0C}.Release|Any CPU.Build.0 = Release|Any CPU
		{3429534F-25A3-402B-94C1-B07ECC1E9B0C}.Release|Any CPU.Deploy.0 = Release|Any CPU
		{3429534F-25A3-402B-94C1-B07ECC1E9B0C}.Release|ARM.ActiveCfg = Release|Any CPU
		{3429534F-25A3-402B-94C1-B07ECC1E9B0C}.Release|ARM.Build.0 = Release|Any CPU
		{3429534F-25A3-402B-94C1-B07ECC1E9B0C}.Release|ARM.Deploy.0 = Release|Any CPU
		{3429534F-25A3-402B-94C1-B07ECC1E9B0C}.Release|iPhone.ActiveCfg = Release|Any CPU
		{3429534F-25A3-402B-94C1-B07ECC1E9B0C}.Release|iPhone.Build.0 = Release|Any CPU
		{3429534F-25A3-402B-94C1-B07ECC1E9B0C}.Release|iPhone.Deploy.0 = Release|Any CPU
		{3429534F-25A3-402B-94C1-B07ECC1E9B0C}.Release|iPhoneSimulator.ActiveCfg = Release|Any CPU
		{3429534F-25A3-402B-94C1-B07ECC1E9B0C}.Release|iPhoneSimulator.Build.0 = Release|Any CPU
		{3429534F-25A3-402B-94C1-B07ECC1E9B0C}.Release|iPhoneSimulator.Deploy.0 = Release|Any CPU
		{3429534F-25A3-402B-94C1-B07ECC1E9B0C}.Release|x64.ActiveCfg = Release|Any CPU
		{3429534F-25A3-402B-94C1-B07ECC1E9B0C}.Release|x64.Build.0 = Release|Any CPU
		{3429534F-25A3-402B-94C1-B07ECC1E9B0C}.Release|x64.Deploy.0 = Release|Any CPU
		{3429534F-25A3-402B-94C1-B07ECC1E9B0C}.Release|x86.ActiveCfg = Release|Any CPU
		{3429534F-25A3-402B-94C1-B07ECC1E9B0C}.Release|x86.Build.0 = Release|Any CPU
		{3429534F-25A3-402B-94C1-B07ECC1E9B0C}.Release|x86.Deploy.0 = Release|Any CPU
		{5FC2D47D-9611-4A0F-BF0A-751C2E24C23A}.Ad-Hoc|Any CPU.ActiveCfg = Release|Any CPU
		{5FC2D47D-9611-4A0F-BF0A-751C2E24C23A}.Ad-Hoc|Any CPU.Build.0 = Release|Any CPU
		{5FC2D47D-9611-4A0F-BF0A-751C2E24C23A}.Ad-Hoc|ARM.ActiveCfg = Release|Any CPU
		{5FC2D47D-9611-4A0F-BF0A-751C2E24C23A}.Ad-Hoc|ARM.Build.0 = Release|Any CPU
		{5FC2D47D-9611-4A0F-BF0A-751C2E24C23A}.Ad-Hoc|iPhone.ActiveCfg = Release|Any CPU
		{5FC2D47D-9611-4A0F-BF0A-751C2E24C23A}.Ad-Hoc|iPhone.Build.0 = Release|Any CPU
		{5FC2D47D-9611-4A0F-BF0A-751C2E24C23A}.Ad-Hoc|iPhoneSimulator.ActiveCfg = Release|Any CPU
		{5FC2D47D-9611-4A0F-BF0A-751C2E24C23A}.Ad-Hoc|iPhoneSimulator.Build.0 = Release|Any CPU
		{5FC2D47D-9611-4A0F-BF0A-751C2E24C23A}.Ad-Hoc|x64.ActiveCfg = Release|Any CPU
		{5FC2D47D-9611-4A0F-BF0A-751C2E24C23A}.Ad-Hoc|x64.Build.0 = Release|Any CPU
		{5FC2D47D-9611-4A0F-BF0A-751C2E24C23A}.Ad-Hoc|x86.ActiveCfg = Release|Any CPU
		{5FC2D47D-9611-4A0F-BF0A-751C2E24C23A}.Ad-Hoc|x86.Build.0 = Release|Any CPU
		{5FC2D47D-9611-4A0F-BF0A-751C2E24C23A}.AppStore|Any CPU.ActiveCfg = Release|Any CPU
		{5FC2D47D-9611-4A0F-BF0A-751C2E24C23A}.AppStore|Any CPU.Build.0 = Release|Any CPU
		{5FC2D47D-9611-4A0F-BF0A-751C2E24C23A}.AppStore|ARM.ActiveCfg = Release|Any CPU
		{5FC2D47D-9611-4A0F-BF0A-751C2E24C23A}.AppStore|ARM.Build.0 = Release|Any CPU
		{5FC2D47D-9611-4A0F-BF0A-751C2E24C23A}.AppStore|iPhone.ActiveCfg = Release|Any CPU
		{5FC2D47D-9611-4A0F-BF0A-751C2E24C23A}.AppStore|iPhone.Build.0 = Release|Any CPU
		{5FC2D47D-9611-4A0F-BF0A-751C2E24C23A}.AppStore|iPhoneSimulator.ActiveCfg = Release|Any CPU
		{5FC2D47D-9611-4A0F-BF0A-751C2E24C23A}.AppStore|iPhoneSimulator.Build.0 = Release|Any CPU
		{5FC2D47D-9611-4A0F-BF0A-751C2E24C23A}.AppStore|x64.ActiveCfg = Release|Any CPU
		{5FC2D47D-9611-4A0F-BF0A-751C2E24C23A}.AppStore|x64.Build.0 = Release|Any CPU
		{5FC2D47D-9611-4A0F-BF0A-751C2E24C23A}.AppStore|x86.ActiveCfg = Release|Any CPU
		{5FC2D47D-9611-4A0F-BF0A-751C2E24C23A}.AppStore|x86.Build.0 = Release|Any CPU
		{5FC2D47D-9611-4A0F-BF0A-751C2E24C23A}.Debug|Any CPU.ActiveCfg = Debug|Any CPU
		{5FC2D47D-9611-4A0F-BF0A-751C2E24C23A}.Debug|Any CPU.Build.0 = Debug|Any CPU
		{5FC2D47D-9611-4A0F-BF0A-751C2E24C23A}.Debug|ARM.ActiveCfg = Debug|Any CPU
		{5FC2D47D-9611-4A0F-BF0A-751C2E24C23A}.Debug|ARM.Build.0 = Debug|Any CPU
		{5FC2D47D-9611-4A0F-BF0A-751C2E24C23A}.Debug|iPhone.ActiveCfg = Debug|Any CPU
		{5FC2D47D-9611-4A0F-BF0A-751C2E24C23A}.Debug|iPhone.Build.0 = Debug|Any CPU
		{5FC2D47D-9611-4A0F-BF0A-751C2E24C23A}.Debug|iPhoneSimulator.ActiveCfg = Debug|Any CPU
		{5FC2D47D-9611-4A0F-BF0A-751C2E24C23A}.Debug|iPhoneSimulator.Build.0 = Debug|Any CPU
		{5FC2D47D-9611-4A0F-BF0A-751C2E24C23A}.Debug|x64.ActiveCfg = Debug|Any CPU
		{5FC2D47D-9611-4A0F-BF0A-751C2E24C23A}.Debug|x64.Build.0 = Debug|Any CPU
		{5FC2D47D-9611-4A0F-BF0A-751C2E24C23A}.Debug|x86.ActiveCfg = Debug|Any CPU
		{5FC2D47D-9611-4A0F-BF0A-751C2E24C23A}.Debug|x86.Build.0 = Debug|Any CPU
		{5FC2D47D-9611-4A0F-BF0A-751C2E24C23A}.Release|Any CPU.ActiveCfg = Release|Any CPU
		{5FC2D47D-9611-4A0F-BF0A-751C2E24C23A}.Release|Any CPU.Build.0 = Release|Any CPU
		{5FC2D47D-9611-4A0F-BF0A-751C2E24C23A}.Release|ARM.ActiveCfg = Release|Any CPU
		{5FC2D47D-9611-4A0F-BF0A-751C2E24C23A}.Release|ARM.Build.0 = Release|Any CPU
		{5FC2D47D-9611-4A0F-BF0A-751C2E24C23A}.Release|iPhone.ActiveCfg = Release|Any CPU
		{5FC2D47D-9611-4A0F-BF0A-751C2E24C23A}.Release|iPhone.Build.0 = Release|Any CPU
		{5FC2D47D-9611-4A0F-BF0A-751C2E24C23A}.Release|iPhoneSimulator.ActiveCfg = Release|Any CPU
		{5FC2D47D-9611-4A0F-BF0A-751C2E24C23A}.Release|iPhoneSimulator.Build.0 = Release|Any CPU
		{5FC2D47D-9611-4A0F-BF0A-751C2E24C23A}.Release|x64.ActiveCfg = Release|Any CPU
		{5FC2D47D-9611-4A0F-BF0A-751C2E24C23A}.Release|x64.Build.0 = Release|Any CPU
		{5FC2D47D-9611-4A0F-BF0A-751C2E24C23A}.Release|x86.ActiveCfg = Release|Any CPU
		{5FC2D47D-9611-4A0F-BF0A-751C2E24C23A}.Release|x86.Build.0 = Release|Any CPU
		{5606C9A4-EAFB-4E5B-911E-8AAB8E3CA214}.Ad-Hoc|Any CPU.ActiveCfg = Release|x86
		{5606C9A4-EAFB-4E5B-911E-8AAB8E3CA214}.Ad-Hoc|Any CPU.Build.0 = Release|x86
		{5606C9A4-EAFB-4E5B-911E-8AAB8E3CA214}.Ad-Hoc|Any CPU.Deploy.0 = Release|x86
		{5606C9A4-EAFB-4E5B-911E-8AAB8E3CA214}.Ad-Hoc|ARM.ActiveCfg = Release|ARM
		{5606C9A4-EAFB-4E5B-911E-8AAB8E3CA214}.Ad-Hoc|ARM.Build.0 = Release|ARM
		{5606C9A4-EAFB-4E5B-911E-8AAB8E3CA214}.Ad-Hoc|ARM.Deploy.0 = Release|ARM
		{5606C9A4-EAFB-4E5B-911E-8AAB8E3CA214}.Ad-Hoc|iPhone.ActiveCfg = Release|x86
		{5606C9A4-EAFB-4E5B-911E-8AAB8E3CA214}.Ad-Hoc|iPhone.Build.0 = Release|x86
		{5606C9A4-EAFB-4E5B-911E-8AAB8E3CA214}.Ad-Hoc|iPhone.Deploy.0 = Release|x86
		{5606C9A4-EAFB-4E5B-911E-8AAB8E3CA214}.Ad-Hoc|iPhoneSimulator.ActiveCfg = Release|x86
		{5606C9A4-EAFB-4E5B-911E-8AAB8E3CA214}.Ad-Hoc|iPhoneSimulator.Build.0 = Release|x86
		{5606C9A4-EAFB-4E5B-911E-8AAB8E3CA214}.Ad-Hoc|iPhoneSimulator.Deploy.0 = Release|x86
		{5606C9A4-EAFB-4E5B-911E-8AAB8E3CA214}.Ad-Hoc|x64.ActiveCfg = Release|x64
		{5606C9A4-EAFB-4E5B-911E-8AAB8E3CA214}.Ad-Hoc|x64.Build.0 = Release|x64
		{5606C9A4-EAFB-4E5B-911E-8AAB8E3CA214}.Ad-Hoc|x64.Deploy.0 = Release|x64
		{5606C9A4-EAFB-4E5B-911E-8AAB8E3CA214}.Ad-Hoc|x86.ActiveCfg = Release|x86
		{5606C9A4-EAFB-4E5B-911E-8AAB8E3CA214}.Ad-Hoc|x86.Build.0 = Release|x86
		{5606C9A4-EAFB-4E5B-911E-8AAB8E3CA214}.Ad-Hoc|x86.Deploy.0 = Release|x86
		{5606C9A4-EAFB-4E5B-911E-8AAB8E3CA214}.AppStore|Any CPU.ActiveCfg = Release|x86
		{5606C9A4-EAFB-4E5B-911E-8AAB8E3CA214}.AppStore|Any CPU.Build.0 = Release|x86
		{5606C9A4-EAFB-4E5B-911E-8AAB8E3CA214}.AppStore|Any CPU.Deploy.0 = Release|x86
		{5606C9A4-EAFB-4E5B-911E-8AAB8E3CA214}.AppStore|ARM.ActiveCfg = Release|ARM
		{5606C9A4-EAFB-4E5B-911E-8AAB8E3CA214}.AppStore|ARM.Build.0 = Release|ARM
		{5606C9A4-EAFB-4E5B-911E-8AAB8E3CA214}.AppStore|ARM.Deploy.0 = Release|ARM
		{5606C9A4-EAFB-4E5B-911E-8AAB8E3CA214}.AppStore|iPhone.ActiveCfg = Release|x86
		{5606C9A4-EAFB-4E5B-911E-8AAB8E3CA214}.AppStore|iPhone.Build.0 = Release|x86
		{5606C9A4-EAFB-4E5B-911E-8AAB8E3CA214}.AppStore|iPhone.Deploy.0 = Release|x86
		{5606C9A4-EAFB-4E5B-911E-8AAB8E3CA214}.AppStore|iPhoneSimulator.ActiveCfg = Release|x86
		{5606C9A4-EAFB-4E5B-911E-8AAB8E3CA214}.AppStore|iPhoneSimulator.Build.0 = Release|x86
		{5606C9A4-EAFB-4E5B-911E-8AAB8E3CA214}.AppStore|iPhoneSimulator.Deploy.0 = Release|x86
		{5606C9A4-EAFB-4E5B-911E-8AAB8E3CA214}.AppStore|x64.ActiveCfg = Release|x64
		{5606C9A4-EAFB-4E5B-911E-8AAB8E3CA214}.AppStore|x64.Build.0 = Release|x64
		{5606C9A4-EAFB-4E5B-911E-8AAB8E3CA214}.AppStore|x64.Deploy.0 = Release|x64
		{5606C9A4-EAFB-4E5B-911E-8AAB8E3CA214}.AppStore|x86.ActiveCfg = Release|x86
		{5606C9A4-EAFB-4E5B-911E-8AAB8E3CA214}.AppStore|x86.Build.0 = Release|x86
		{5606C9A4-EAFB-4E5B-911E-8AAB8E3CA214}.AppStore|x86.Deploy.0 = Release|x86
		{5606C9A4-EAFB-4E5B-911E-8AAB8E3CA214}.Debug|Any CPU.ActiveCfg = Debug|x86
		{5606C9A4-EAFB-4E5B-911E-8AAB8E3CA214}.Debug|ARM.ActiveCfg = Debug|ARM
		{5606C9A4-EAFB-4E5B-911E-8AAB8E3CA214}.Debug|ARM.Build.0 = Debug|ARM
		{5606C9A4-EAFB-4E5B-911E-8AAB8E3CA214}.Debug|ARM.Deploy.0 = Debug|ARM
		{5606C9A4-EAFB-4E5B-911E-8AAB8E3CA214}.Debug|iPhone.ActiveCfg = Debug|x86
		{5606C9A4-EAFB-4E5B-911E-8AAB8E3CA214}.Debug|iPhoneSimulator.ActiveCfg = Debug|x86
		{5606C9A4-EAFB-4E5B-911E-8AAB8E3CA214}.Debug|x64.ActiveCfg = Debug|x64
		{5606C9A4-EAFB-4E5B-911E-8AAB8E3CA214}.Debug|x64.Build.0 = Debug|x64
		{5606C9A4-EAFB-4E5B-911E-8AAB8E3CA214}.Debug|x64.Deploy.0 = Debug|x64
		{5606C9A4-EAFB-4E5B-911E-8AAB8E3CA214}.Debug|x86.ActiveCfg = Debug|x86
		{5606C9A4-EAFB-4E5B-911E-8AAB8E3CA214}.Debug|x86.Build.0 = Debug|x86
		{5606C9A4-EAFB-4E5B-911E-8AAB8E3CA214}.Debug|x86.Deploy.0 = Debug|x86
		{5606C9A4-EAFB-4E5B-911E-8AAB8E3CA214}.Release|Any CPU.ActiveCfg = Release|x86
		{5606C9A4-EAFB-4E5B-911E-8AAB8E3CA214}.Release|ARM.ActiveCfg = Release|ARM
		{5606C9A4-EAFB-4E5B-911E-8AAB8E3CA214}.Release|ARM.Build.0 = Release|ARM
		{5606C9A4-EAFB-4E5B-911E-8AAB8E3CA214}.Release|ARM.Deploy.0 = Release|ARM
		{5606C9A4-EAFB-4E5B-911E-8AAB8E3CA214}.Release|iPhone.ActiveCfg = Release|x86
		{5606C9A4-EAFB-4E5B-911E-8AAB8E3CA214}.Release|iPhoneSimulator.ActiveCfg = Release|x86
		{5606C9A4-EAFB-4E5B-911E-8AAB8E3CA214}.Release|x64.ActiveCfg = Release|x64
		{5606C9A4-EAFB-4E5B-911E-8AAB8E3CA214}.Release|x64.Build.0 = Release|x64
		{5606C9A4-EAFB-4E5B-911E-8AAB8E3CA214}.Release|x64.Deploy.0 = Release|x64
		{5606C9A4-EAFB-4E5B-911E-8AAB8E3CA214}.Release|x86.ActiveCfg = Release|x86
		{5606C9A4-EAFB-4E5B-911E-8AAB8E3CA214}.Release|x86.Build.0 = Release|x86
		{5606C9A4-EAFB-4E5B-911E-8AAB8E3CA214}.Release|x86.Deploy.0 = Release|x86
		{C1402ABB-BF91-4734-AE72-E1E26F16A40E}.Ad-Hoc|Any CPU.ActiveCfg = Ad-Hoc|iPhone
		{C1402ABB-BF91-4734-AE72-E1E26F16A40E}.Ad-Hoc|ARM.ActiveCfg = Ad-Hoc|iPhone
		{C1402ABB-BF91-4734-AE72-E1E26F16A40E}.Ad-Hoc|iPhone.ActiveCfg = Ad-Hoc|iPhone
		{C1402ABB-BF91-4734-AE72-E1E26F16A40E}.Ad-Hoc|iPhone.Build.0 = Ad-Hoc|iPhone
		{C1402ABB-BF91-4734-AE72-E1E26F16A40E}.Ad-Hoc|iPhoneSimulator.ActiveCfg = Ad-Hoc|iPhoneSimulator
		{C1402ABB-BF91-4734-AE72-E1E26F16A40E}.Ad-Hoc|iPhoneSimulator.Build.0 = Ad-Hoc|iPhoneSimulator
		{C1402ABB-BF91-4734-AE72-E1E26F16A40E}.Ad-Hoc|x64.ActiveCfg = Ad-Hoc|iPhone
		{C1402ABB-BF91-4734-AE72-E1E26F16A40E}.Ad-Hoc|x86.ActiveCfg = Ad-Hoc|iPhone
		{C1402ABB-BF91-4734-AE72-E1E26F16A40E}.AppStore|Any CPU.ActiveCfg = AppStore|iPhone
		{C1402ABB-BF91-4734-AE72-E1E26F16A40E}.AppStore|ARM.ActiveCfg = AppStore|iPhone
		{C1402ABB-BF91-4734-AE72-E1E26F16A40E}.AppStore|iPhone.ActiveCfg = AppStore|iPhone
		{C1402ABB-BF91-4734-AE72-E1E26F16A40E}.AppStore|iPhone.Build.0 = AppStore|iPhone
		{C1402ABB-BF91-4734-AE72-E1E26F16A40E}.AppStore|iPhoneSimulator.ActiveCfg = AppStore|iPhoneSimulator
		{C1402ABB-BF91-4734-AE72-E1E26F16A40E}.AppStore|iPhoneSimulator.Build.0 = AppStore|iPhoneSimulator
		{C1402ABB-BF91-4734-AE72-E1E26F16A40E}.AppStore|x64.ActiveCfg = AppStore|iPhone
		{C1402ABB-BF91-4734-AE72-E1E26F16A40E}.AppStore|x86.ActiveCfg = AppStore|iPhone
		{C1402ABB-BF91-4734-AE72-E1E26F16A40E}.Debug|Any CPU.ActiveCfg = Debug|iPhone
		{C1402ABB-BF91-4734-AE72-E1E26F16A40E}.Debug|ARM.ActiveCfg = Debug|iPhone
		{C1402ABB-BF91-4734-AE72-E1E26F16A40E}.Debug|iPhone.ActiveCfg = Debug|iPhone
		{C1402ABB-BF91-4734-AE72-E1E26F16A40E}.Debug|iPhone.Build.0 = Debug|iPhone
		{C1402ABB-BF91-4734-AE72-E1E26F16A40E}.Debug|iPhoneSimulator.ActiveCfg = Debug|iPhoneSimulator
		{C1402ABB-BF91-4734-AE72-E1E26F16A40E}.Debug|iPhoneSimulator.Build.0 = Debug|iPhoneSimulator
		{C1402ABB-BF91-4734-AE72-E1E26F16A40E}.Debug|x64.ActiveCfg = Debug|iPhone
		{C1402ABB-BF91-4734-AE72-E1E26F16A40E}.Debug|x86.ActiveCfg = Debug|iPhone
		{C1402ABB-BF91-4734-AE72-E1E26F16A40E}.Release|Any CPU.ActiveCfg = Release|iPhone
		{C1402ABB-BF91-4734-AE72-E1E26F16A40E}.Release|ARM.ActiveCfg = Release|iPhone
		{C1402ABB-BF91-4734-AE72-E1E26F16A40E}.Release|iPhone.ActiveCfg = Release|iPhone
		{C1402ABB-BF91-4734-AE72-E1E26F16A40E}.Release|iPhone.Build.0 = Release|iPhone
		{C1402ABB-BF91-4734-AE72-E1E26F16A40E}.Release|iPhoneSimulator.ActiveCfg = Release|iPhoneSimulator
		{C1402ABB-BF91-4734-AE72-E1E26F16A40E}.Release|iPhoneSimulator.Build.0 = Release|iPhoneSimulator
		{C1402ABB-BF91-4734-AE72-E1E26F16A40E}.Release|x64.ActiveCfg = Release|iPhone
		{C1402ABB-BF91-4734-AE72-E1E26F16A40E}.Release|x86.ActiveCfg = Release|iPhone
	EndGlobalSection
	GlobalSection(SolutionProperties) = preSolution
		HideSolutionNode = FALSE
	EndGlobalSection
	GlobalSection(NestedProjects) = preSolution
		{FAAB48CE-6591-4C7A-9C45-269431091B3F} = {ED75E0BE-CAEC-4249-98DE-C7B9FA611B4D}
		{91A8B158-8CCC-41EA-81E5-38A4BCFDD93A} = {ED75E0BE-CAEC-4249-98DE-C7B9FA611B4D}
		{23296E9A-B45F-4530-A697-AFD81DDB75C8} = {ED75E0BE-CAEC-4249-98DE-C7B9FA611B4D}
		{40D4DA50-429B-4AA6-83F9-86877DF145B8} = {ED75E0BE-CAEC-4249-98DE-C7B9FA611B4D}
		{D04D845A-1077-44A7-B688-75AE5F23BB68} = {F92D9FD0-F57E-48EC-BFA8-465A99149219}
		{609CA065-F270-41C8-BAA9-716A54C4D774} = {F92D9FD0-F57E-48EC-BFA8-465A99149219}
		{1E65759C-0CC6-4F0F-B358-901175EE5062} = {F92D9FD0-F57E-48EC-BFA8-465A99149219}
		{40FADF5E-CC55-4C00-8BB4-F9D20DA0B4A9} = {F92D9FD0-F57E-48EC-BFA8-465A99149219}
		{66F7D9E4-98CD-47BC-9530-EF24918968B9} = {FE49B334-494F-4B73-BB42-A4E2BFA53C35}
		{1ECF99F7-4B8D-4817-8C40-0C3490065B76} = {FE49B334-494F-4B73-BB42-A4E2BFA53C35}
		{280321A3-FEA2-4624-B93D-22DD93F704B6} = {FE49B334-494F-4B73-BB42-A4E2BFA53C35}
		{7CB2CA7B-D518-4B25-9EC2-CF1F44CB3FBC} = {FE49B334-494F-4B73-BB42-A4E2BFA53C35}
		{8AE98494-5793-42B5-B3B8-F8CC1DC5A01F} = {849C820D-0375-4A69-AA6F-9C1421C05BF1}
		{EBD045B3-4802-4418-A9A7-15910CBBC0C1} = {849C820D-0375-4A69-AA6F-9C1421C05BF1}
		{667364A6-0254-483B-8F3E-6CD37D674CFA} = {849C820D-0375-4A69-AA6F-9C1421C05BF1}
		{7D0843D2-A3DF-4820-90BE-F3AB2A67E931} = {849C820D-0375-4A69-AA6F-9C1421C05BF1}
		{3429534F-25A3-402B-94C1-B07ECC1E9B0C} = {DBE28AF0-5BF4-4584-A662-B4DD5EB7E514}
		{5FC2D47D-9611-4A0F-BF0A-751C2E24C23A} = {DBE28AF0-5BF4-4584-A662-B4DD5EB7E514}
		{5606C9A4-EAFB-4E5B-911E-8AAB8E3CA214} = {DBE28AF0-5BF4-4584-A662-B4DD5EB7E514}
		{C1402ABB-BF91-4734-AE72-E1E26F16A40E} = {DBE28AF0-5BF4-4584-A662-B4DD5EB7E514}
	EndGlobalSection
	GlobalSection(ExtensibilityGlobals) = postSolution
		SolutionGuid = {A9B23ACE-2267-465B-AD38-DA2904F1B2C4}
	EndGlobalSection
EndGlobal
